PODS:
  - Balizinha (1.1.3):
    - Firebase
    - Firebase/Analytics
    - Firebase/Auth
    - Firebase/Core
    - Firebase/Database
    - Firebase/Messaging
    - Firebase/RemoteConfig
    - Firebase/Storage
    - PannaPay
    - RenderCloud
    - RxCocoa
    - RxOptional
    - RxSwift
  - Firebase (6.21.0):
    - Firebase/Core (= 6.21.0)
  - Firebase/Analytics (6.21.0):
    - Firebase/Core
  - Firebase/Auth (6.21.0):
    - Firebase/CoreOnly
    - FirebaseAuth (~> 6.5.1)
  - Firebase/Core (6.21.0):
    - Firebase/CoreOnly
    - FirebaseAnalytics (= 6.4.0)
  - Firebase/CoreOnly (6.21.0):
    - FirebaseCore (= 6.6.5)
  - Firebase/Database (6.21.0):
    - Firebase/CoreOnly
    - FirebaseDatabase (~> 6.1.4)
  - Firebase/Messaging (6.21.0):
    - Firebase/CoreOnly
    - FirebaseMessaging (~> 4.3.0)
  - Firebase/RemoteConfig (6.21.0):
    - Firebase/CoreOnly
    - FirebaseRemoteConfig (~> 4.4.9)
  - Firebase/Storage (6.21.0):
    - Firebase/CoreOnly
    - FirebaseStorage (~> 3.6.0)
  - FirebaseABTesting (3.2.0):
    - FirebaseAnalyticsInterop (~> 1.3)
    - FirebaseCore (~> 6.1)
    - Protobuf (>= 3.9.2, ~> 3.9)
  - FirebaseAnalytics (6.4.0):
    - FirebaseCore (~> 6.6)
    - FirebaseInstallations (~> 1.1)
    - GoogleAppMeasurement (= 6.4.0)
    - GoogleUtilities/AppDelegateSwizzler (~> 6.0)
    - GoogleUtilities/MethodSwizzler (~> 6.0)
    - GoogleUtilities/Network (~> 6.0)
    - "GoogleUtilities/NSData+zlib (~> 6.0)"
    - nanopb (= 0.3.9011)
  - FirebaseAnalyticsInterop (1.5.0)
  - FirebaseAuth (6.5.1):
    - FirebaseAuthInterop (~> 1.0)
    - FirebaseCore (~> 6.6)
    - GoogleUtilities/AppDelegateSwizzler (~> 6.5)
    - GoogleUtilities/Environment (~> 6.5)
    - GTMSessionFetcher/Core (~> 1.1)
  - FirebaseAuthInterop (1.1.0)
  - FirebaseCore (6.6.5):
    - FirebaseCoreDiagnostics (~> 1.2)
    - FirebaseCoreDiagnosticsInterop (~> 1.2)
    - GoogleUtilities/Environment (~> 6.5)
    - GoogleUtilities/Logger (~> 6.5)
  - FirebaseCoreDiagnostics (1.2.2):
    - FirebaseCoreDiagnosticsInterop (~> 1.2)
    - GoogleDataTransportCCTSupport (~> 2.0)
    - GoogleUtilities/Environment (~> 6.5)
    - GoogleUtilities/Logger (~> 6.5)
    - nanopb (~> 0.3.901)
  - FirebaseCoreDiagnosticsInterop (1.2.0)
  - FirebaseDatabase (6.1.4):
    - FirebaseAuthInterop (~> 1.0)
    - FirebaseCore (~> 6.0)
    - leveldb-library (~> 1.22)
  - FirebaseInstallations (1.1.1):
    - FirebaseCore (~> 6.6)
    - GoogleUtilities/UserDefaults (~> 6.5)
    - PromisesObjC (~> 1.2)
  - FirebaseInstanceID (4.3.2):
    - FirebaseCore (~> 6.6)
    - FirebaseInstallations (~> 1.0)
    - GoogleUtilities/Environment (~> 6.5)
    - GoogleUtilities/UserDefaults (~> 6.5)
  - FirebaseMessaging (4.3.0):
    - FirebaseAnalyticsInterop (~> 1.5)
    - FirebaseCore (~> 6.6)
    - FirebaseInstanceID (~> 4.3)
    - GoogleUtilities/AppDelegateSwizzler (~> 6.5)
    - GoogleUtilities/Environment (~> 6.5)
    - GoogleUtilities/Reachability (~> 6.5)
    - GoogleUtilities/UserDefaults (~> 6.5)
    - Protobuf (>= 3.9.2, ~> 3.9)
  - FirebaseRemoteConfig (4.4.9):
    - FirebaseABTesting (~> 3.1)
    - FirebaseAnalyticsInterop (~> 1.4)
    - FirebaseCore (~> 6.2)
    - FirebaseInstanceID (~> 4.2)
    - GoogleUtilities/Environment (~> 6.2)
    - "GoogleUtilities/NSData+zlib (~> 6.2)"
    - Protobuf (>= 3.9.2, ~> 3.9)
  - FirebaseStorage (3.6.0):
    - FirebaseAuthInterop (~> 1.1)
    - FirebaseCore (~> 6.6)
    - GTMSessionFetcher/Core (~> 1.1)
  - GoogleAppMeasurement (6.4.0):
    - GoogleUtilities/AppDelegateSwizzler (~> 6.0)
    - GoogleUtilities/MethodSwizzler (~> 6.0)
    - GoogleUtilities/Network (~> 6.0)
    - "GoogleUtilities/NSData+zlib (~> 6.0)"
    - nanopb (= 0.3.9011)
  - GoogleDataTransport (5.1.0)
  - GoogleDataTransportCCTSupport (2.0.1):
    - GoogleDataTransport (~> 5.1)
    - nanopb (~> 0.3.901)
  - GoogleMaps (3.8.0):
    - GoogleMaps/Maps (= 3.8.0)
  - GoogleMaps/Base (3.8.0)
  - GoogleMaps/Maps (3.8.0):
    - GoogleMaps/Base
  - GoogleUtilities/AppDelegateSwizzler (6.5.2):
    - GoogleUtilities/Environment
    - GoogleUtilities/Logger
    - GoogleUtilities/Network
  - GoogleUtilities/Environment (6.5.2)
  - GoogleUtilities/Logger (6.5.2):
    - GoogleUtilities/Environment
  - GoogleUtilities/MethodSwizzler (6.5.2):
    - GoogleUtilities/Logger
  - GoogleUtilities/Network (6.5.2):
    - GoogleUtilities/Logger
    - "GoogleUtilities/NSData+zlib"
    - GoogleUtilities/Reachability
  - "GoogleUtilities/NSData+zlib (6.5.2)"
  - GoogleUtilities/Reachability (6.5.2):
    - GoogleUtilities/Logger
  - GoogleUtilities/UserDefaults (6.5.2):
    - GoogleUtilities/Logger
  - GTMSessionFetcher/Core (1.3.1)
  - leveldb-library (1.22)
  - nanopb (0.3.9011):
    - nanopb/decode (= 0.3.9011)
    - nanopb/encode (= 0.3.9011)
  - nanopb/decode (0.3.9011)
  - nanopb/encode (0.3.9011)
  - PannaPay (1.0.1):
    - Firebase
    - Firebase/Auth
    - Firebase/Core
    - Firebase/Database
    - Firebase/RemoteConfig
    - Firebase/Storage
    - RenderCloud
    - RenderPay
    - RxCocoa
    - RxOptional
    - RxSwift
    - Stripe (~> 14.0)
  - PromisesObjC (1.2.8)
  - Protobuf (3.11.4)
  - RACameraHelper (0.1.5)
  - RenderCloud (2.0.1)
  - RenderPay (1.0.1):
    - RenderCloud
    - RxCocoa
    - RxOptional
    - RxSwift
  - RxCocoa (5.1.1):
    - RxRelay (~> 5)
    - RxSwift (~> 5)
  - RxOptional (4.1.0):
    - RxCocoa (~> 5)
    - RxSwift (~> 5)
  - RxRelay (5.1.1):
    - RxSwift (~> 5)
  - RxSwift (5.1.1)
  - Stripe (14.0.1)

DEPENDENCIES:
  - Balizinha (from `../`)
  - GoogleMaps
  - PannaPay (from `../../pannapay`)
  - RACameraHelper (from `https://github.com/bobbyren/RACameraHelper`, tag `0.1.5`)
  - RenderCloud (from `../../rendercloud`)
  - RenderPay (from `../../renderpay`)

SPEC REPOS:
  trunk:
    - Firebase
    - FirebaseABTesting
    - FirebaseAnalytics
    - FirebaseAnalyticsInterop
    - FirebaseAuth
    - FirebaseAuthInterop
    - FirebaseCore
    - FirebaseCoreDiagnostics
    - FirebaseCoreDiagnosticsInterop
    - FirebaseDatabase
    - FirebaseInstallations
    - FirebaseInstanceID
    - FirebaseMessaging
    - FirebaseRemoteConfig
    - FirebaseStorage
    - GoogleAppMeasurement
    - GoogleDataTransport
    - GoogleDataTransportCCTSupport
    - GoogleMaps
    - GoogleUtilities
    - GTMSessionFetcher
    - leveldb-library
    - nanopb
    - PromisesObjC
    - Protobuf
    - RxCocoa
    - RxOptional
    - RxRelay
    - RxSwift
    - Stripe

EXTERNAL SOURCES:
  Balizinha:
    :path: "../"
  PannaPay:
    :path: "../../pannapay"
  RACameraHelper:
    :git: https://github.com/bobbyren/RACameraHelper
    :tag: 0.1.5
  RenderCloud:
    :path: "../../rendercloud"
  RenderPay:
    :path: "../../renderpay"

CHECKOUT OPTIONS:
  RACameraHelper:
    :git: https://github.com/bobbyren/RACameraHelper
    :tag: 0.1.5

SPEC CHECKSUMS:
  Balizinha: d53820070616868d9e7e77d507056e24d8a5a68a
  Firebase: f378c80340dd41c0ad0914af740c021eb282a04b
  FirebaseABTesting: 821a3a3e4a145987e80fee3657c4de1cb9adf693
  FirebaseAnalytics: a1a0b3327ceb5cd5b4bacffdb293f6c909aa087d
  FirebaseAnalyticsInterop: 3f86269c38ae41f47afeb43ebf32a001f58fcdae
  FirebaseAuth: a6da11d78dfd956b7f7af3222a0f0b1c93ef8fc9
  FirebaseAuthInterop: a0f37ae05833af156e72028f648d313f7e7592e9
  FirebaseCore: 9f495d3afacb7b558711e6218ebb14b1c51b5802
  FirebaseCoreDiagnostics: e9b4cd8ba60dee0f2d13347332e4b7898cca5b61
  FirebaseCoreDiagnosticsInterop: 296e2c5f5314500a850ad0b83e9e7c10b011a850
  FirebaseDatabase: 0144e0706a4761f1b0e8679572eba8095ddb59be
  FirebaseInstallations: acb3216eb9784d3b1d2d2d635ff74fa892cc0c44
  FirebaseInstanceID: 7ee0d6777013bb952f377b41965bf132b6a075be
  FirebaseMessaging: 4ec33842d36b3319e062e51fb8b35a74f726950d
  FirebaseRemoteConfig: 47abf7a04a9082091955ea555aa79cfdd249b19c
  FirebaseStorage: b43ee271294227e1a3225544b073f3b49b427f46
  GoogleAppMeasurement: 6e68a94d0eaeb1d73ef6b0ed4f7334e29d63ae29
  GoogleDataTransport: b29a21d813e906014ca16c00897827e40e4a24ab
  GoogleDataTransportCCTSupport: 6f15a89b0ca35d6fa523e1f752ef818588885988
  GoogleMaps: 7c8d66d70e4e8c300f43a7219d8fdaad7b325a9a
  GoogleUtilities: ad0f3b691c67909d03a3327cc205222ab8f42e0e
  GTMSessionFetcher: cea130bbfe5a7edc8d06d3f0d17288c32ffe9925
  leveldb-library: 55d93ee664b4007aac644a782d11da33fba316f7
  nanopb: 18003b5e52dab79db540fe93fe9579f399bd1ccd
  PannaPay: 3469e32aa4b97d4e22a7da52169b1992690cebee
  PromisesObjC: c119f3cd559f50b7ae681fa59dc1acd19173b7e6
  Protobuf: 176220c526ad8bd09ab1fb40a978eac3fef665f7
  RACameraHelper: 3c65397be7f39577ff14a605fb08e2e2c7b59045
  RenderCloud: 445ade53c7a447e8750ce16d6fbfe37c737c312e
  RenderPay: 3b0733467ad412cdb6dd6d6456df7ce9d2e997b7
  RxCocoa: 32065309a38d29b5b0db858819b5bf9ef038b601
  RxOptional: b1fcd60856807a564c0215c2184b8d33e7826dc2
  RxRelay: d77f7d771495f43c556cbc43eebd1bb54d01e8e9
  RxSwift: 81470a2074fa8780320ea5fe4102807cb7118178
  Stripe: 4305b646743612854819fb5d5cf67aaeb93577c0

PODFILE CHECKSUM: a664c08a2ad74d087f865af17e0f1471c3c9afb6

COCOAPODS: 1.8.4
