// !$*UTF8*$!
{
	archiveVersion = 1;
	classes = {
	};
	objectVersion = 46;
	objects = {

/* Begin PBXBuildFile section */
		0CC2EF0F4E7313F9D13FE586 /* Pods_Balizinha_Example.framework in Frameworks */ = {isa = PBXBuildFile; fileRef = 7F3517D46F3B5DE3D0C331AA /* Pods_Balizinha_Example.framework */; };
		607FACEC1AFB9204008FA782 /* Tests.swift in Sources */ = {isa = PBXBuildFile; fileRef = 607FACEB1AFB9204008FA782 /* Tests.swift */; };
		8E01580322852DBC0072921C /* GQTPointQuadTree.m in Sources */ = {isa = PBXBuildFile; fileRef = 8E0157BA22852DB60072921C /* GQTPointQuadTree.m */; };
		8E01580422852DBC0072921C /* GQTPointQuadTreeChild.m in Sources */ = {isa = PBXBuildFile; fileRef = 8E0157BC22852DB60072921C /* GQTPointQuadTreeChild.m */; };
		8E01580522852DBC0072921C /* GMUKMLParser.m in Sources */ = {isa = PBXBuildFile; fileRef = 8E0157C222852DB80072921C /* GMUKMLParser.m */; };
		8E01580622852DBC0072921C /* GMUGeometryRenderer.m in Sources */ = {isa = PBXBuildFile; fileRef = 8E0157C322852DB80072921C /* GMUGeometryRenderer.m */; };
		8E01580722852DBC0072921C /* GMUGeometryCollection.m in Sources */ = {isa = PBXBuildFile; fileRef = 8E0157C622852DB80072921C /* GMUGeometryCollection.m */; };
		8E01580822852DBC0072921C /* GMUPlacemark.m in Sources */ = {isa = PBXBuildFile; fileRef = 8E0157C922852DB80072921C /* GMUPlacemark.m */; };
		8E01580922852DBC0072921C /* GMUPolygon.m in Sources */ = {isa = PBXBuildFile; fileRef = 8E0157CA22852DB80072921C /* GMUPolygon.m */; };
		8E01580A22852DBC0072921C /* GMUStyleMap.m in Sources */ = {isa = PBXBuildFile; fileRef = 8E0157CD22852DB80072921C /* GMUStyleMap.m */; };
		8E01580B22852DBC0072921C /* GMUFeature.m in Sources */ = {isa = PBXBuildFile; fileRef = 8E0157CE22852DB80072921C /* GMUFeature.m */; };
		8E01580C22852DBC0072921C /* GMUGroundOverlay.m in Sources */ = {isa = PBXBuildFile; fileRef = 8E0157D022852DB80072921C /* GMUGroundOverlay.m */; };
		8E01580D22852DBC0072921C /* GMUStyle.m in Sources */ = {isa = PBXBuildFile; fileRef = 8E0157D122852DB80072921C /* GMUStyle.m */; };
		8E01580E22852DBC0072921C /* GMUPoint.m in Sources */ = {isa = PBXBuildFile; fileRef = 8E0157D222852DB80072921C /* GMUPoint.m */; };
		8E01580F22852DBC0072921C /* GMUPair.m in Sources */ = {isa = PBXBuildFile; fileRef = 8E0157D522852DB80072921C /* GMUPair.m */; };
		8E01581022852DBC0072921C /* GMULineString.m in Sources */ = {isa = PBXBuildFile; fileRef = 8E0157DA22852DB80072921C /* GMULineString.m */; };
		8E01581122852DBC0072921C /* GMUGeoJSONParser.m in Sources */ = {isa = PBXBuildFile; fileRef = 8E0157DE22852DB80072921C /* GMUGeoJSONParser.m */; };
		8E01581322852DBC0072921C /* GMUGridBasedClusterAlgorithm.m in Sources */ = {isa = PBXBuildFile; fileRef = 8E0157E522852DBA0072921C /* GMUGridBasedClusterAlgorithm.m */; };
		8E01581422852DBC0072921C /* GMUWrappingDictionaryKey.m in Sources */ = {isa = PBXBuildFile; fileRef = 8E0157E822852DBA0072921C /* GMUWrappingDictionaryKey.m */; };
		8E01581522852DBC0072921C /* GMUSimpleClusterAlgorithm.m in Sources */ = {isa = PBXBuildFile; fileRef = 8E0157E922852DBA0072921C /* GMUSimpleClusterAlgorithm.m */; };
		8E01581622852DBC0072921C /* GMUNonHierarchicalDistanceBasedAlgorithm.m in Sources */ = {isa = PBXBuildFile; fileRef = 8E0157EB22852DBA0072921C /* GMUNonHierarchicalDistanceBasedAlgorithm.m */; };
		8E01581722852DBC0072921C /* GMUDefaultClusterRenderer.m in Sources */ = {isa = PBXBuildFile; fileRef = 8E0157F422852DBA0072921C /* GMUDefaultClusterRenderer.m */; };
		8E01581822852DBC0072921C /* GMUDefaultClusterIconGenerator.m in Sources */ = {isa = PBXBuildFile; fileRef = 8E0157F622852DBA0072921C /* GMUDefaultClusterIconGenerator.m */; };
		8E01581922852DBC0072921C /* GMUStaticCluster.m in Sources */ = {isa = PBXBuildFile; fileRef = 8E0157F922852DBA0072921C /* GMUStaticCluster.m */; };
		8E01581A22852DBC0072921C /* GMUWeightedLatLng.m in Sources */ = {isa = PBXBuildFile; fileRef = 8E0157FE22852DBC0072921C /* GMUWeightedLatLng.m */; };
		8E01581B22852DBC0072921C /* GMUGradient.m in Sources */ = {isa = PBXBuildFile; fileRef = 8E01580122852DBC0072921C /* GMUGradient.m */; };
		8E01581C22852DBC0072921C /* GMUHeatmapTileLayer.m in Sources */ = {isa = PBXBuildFile; fileRef = 8E01580222852DBC0072921C /* GMUHeatmapTileLayer.m */; };
		8E01581E228531370072921C /* GMUClusterManager.m in Sources */ = {isa = PBXBuildFile; fileRef = 8E01581D228531360072921C /* GMUClusterManager.m */; };
		8E09572C21ABA1000037DA17 /* LoginStateTests.swift in Sources */ = {isa = PBXBuildFile; fileRef = 8E09572B21ABA1000037DA17 /* LoginStateTests.swift */; };
		8E09573221ABA4950037DA17 /* MockDefaultsProvider.swift in Sources */ = {isa = PBXBuildFile; fileRef = 8E09572F21ABA32A0037DA17 /* MockDefaultsProvider.swift */; };
		8E09573A21ABB0800037DA17 /* MockAuthProvider.swift in Sources */ = {isa = PBXBuildFile; fileRef = 8E09573821ABAE630037DA17 /* MockAuthProvider.swift */; };
		8E18D70721304B84007BE201 /* Leagues.storyboard in Resources */ = {isa = PBXBuildFile; fileRef = 8E18D70621304B84007BE201 /* Leagues.storyboard */; };
		8E5AD7F021612D9E00A78539 /* FeedItemsListViewController.swift in Sources */ = {isa = PBXBuildFile; fileRef = 8E5AD7EF21612D9E00A78539 /* FeedItemsListViewController.swift */; };
		8E5AD7F22161580800A78539 /* FeedItems.storyboard in Resources */ = {isa = PBXBuildFile; fileRef = 8E5AD7F12161580800A78539 /* FeedItems.storyboard */; };
		8E5AD7F4216158FF00A78539 /* FeedItemCell.swift in Sources */ = {isa = PBXBuildFile; fileRef = 8E5AD7F3216158FF00A78539 /* FeedItemCell.swift */; };
		8E87FEE5220BD3E100F83CC9 /* TeamsViewController.swift in Sources */ = {isa = PBXBuildFile; fileRef = 8E87FEE4220BD3E100F83CC9 /* TeamsViewController.swift */; };
		8E87FEE7220BD92800F83CC9 /* TeamPlayerCell.swift in Sources */ = {isa = PBXBuildFile; fileRef = 8E87FEE6220BD92800F83CC9 /* TeamPlayerCell.swift */; };
		8E8D62D82149CF7F0043C204 /* UtilsViewController.swift in Sources */ = {isa = PBXBuildFile; fileRef = 8E8D62D72149CF7F0043C204 /* UtilsViewController.swift */; };
		8E97406021132A7100242907 /* ActionListViewController.swift in Sources */ = {isa = PBXBuildFile; fileRef = 8E97403C21132A5600242907 /* ActionListViewController.swift */; };
		8E97406121132A7100242907 /* Constants.swift in Sources */ = {isa = PBXBuildFile; fileRef = 8E97403D21132A5700242907 /* Constants.swift */; };
		8E97406221132A7100242907 /* LeagueEditViewController.swift in Sources */ = {isa = PBXBuildFile; fileRef = 8E97403E21132A5900242907 /* LeagueEditViewController.swift */; };
		8E97406321132A7100242907 /* LaunchScreen.storyboard in Resources */ = {isa = PBXBuildFile; fileRef = 8E97403F21132A5B00242907 /* LaunchScreen.storyboard */; };
		8E97406421132A7100242907 /* PaymentHeaderView.swift in Sources */ = {isa = PBXBuildFile; fileRef = 8E97404121132A5C00242907 /* PaymentHeaderView.swift */; };
		8E97406521132A7100242907 /* FirebaseModelIcon.swift in Sources */ = {isa = PBXBuildFile; fileRef = 8E97404221132A5C00242907 /* FirebaseModelIcon.swift */; };
		8E97406621132A7100242907 /* PlayerIcon.swift in Sources */ = {isa = PBXBuildFile; fileRef = 8E97404321132A5C00242907 /* PlayerIcon.swift */; };
		8E97406721132A7100242907 /* PaymentHeaderView.xib in Resources */ = {isa = PBXBuildFile; fileRef = 8E97404421132A5C00242907 /* PaymentHeaderView.xib */; };
		8E97406821132A7100242907 /* ListViewController.swift in Sources */ = {isa = PBXBuildFile; fileRef = 8E97404521132A5D00242907 /* ListViewController.swift */; };
		8E97406921132A7100242907 /* LeagueListViewController.swift in Sources */ = {isa = PBXBuildFile; fileRef = 8E97404621132A5E00242907 /* LeagueListViewController.swift */; };
		8E97406A21132A7100242907 /* OrganizerListViewController.swift in Sources */ = {isa = PBXBuildFile; fileRef = 8E97404721132A6000242907 /* OrganizerListViewController.swift */; };
		8E97406B21132A7100242907 /* MenuViewController.swift in Sources */ = {isa = PBXBuildFile; fileRef = 8E97404821132A6100242907 /* MenuViewController.swift */; };
		8E97406D21132A7100242907 /* Organizers.storyboard in Resources */ = {isa = PBXBuildFile; fileRef = 8E97404C21132A6400242907 /* Organizers.storyboard */; };
		8E97406F21132A7100242907 /* Main.storyboard in Resources */ = {isa = PBXBuildFile; fileRef = 8E97404E21132A6400242907 /* Main.storyboard */; };
		8E97407021132A7100242907 /* PlayersListViewController.swift in Sources */ = {isa = PBXBuildFile; fileRef = 8E97405021132A6500242907 /* PlayersListViewController.swift */; };
		8E97407321132A7100242907 /* AppDelegate.swift in Sources */ = {isa = PBXBuildFile; fileRef = 8E97405321132A6900242907 /* AppDelegate.swift */; };
		8E97407421132A7100242907 /* LeaguePlayersListViewController.swift in Sources */ = {isa = PBXBuildFile; fileRef = 8E97405421132A6A00242907 /* LeaguePlayersListViewController.swift */; };
		8E97407621132A7100242907 /* PaymentsListViewController.swift in Sources */ = {isa = PBXBuildFile; fileRef = 8E97405621132A6D00242907 /* PaymentsListViewController.swift */; };
		8E97407721132A7100242907 /* LeaguePlayerCell.swift in Sources */ = {isa = PBXBuildFile; fileRef = 8E97405821132A6E00242907 /* LeaguePlayerCell.swift */; };
		8E97407821132A7100242907 /* PaymentCell.swift in Sources */ = {isa = PBXBuildFile; fileRef = 8E97405921132A6E00242907 /* PaymentCell.swift */; };
		8E97407921132A7100242907 /* ActionCell.swift in Sources */ = {isa = PBXBuildFile; fileRef = 8E97405A21132A6E00242907 /* ActionCell.swift */; };
		8E97407A21132A7100242907 /* OrganizerCell.swift in Sources */ = {isa = PBXBuildFile; fileRef = 8E97405B21132A6E00242907 /* OrganizerCell.swift */; };
		8E97407C21132A7100242907 /* LeagueCell.swift in Sources */ = {isa = PBXBuildFile; fileRef = 8E97405D21132A6E00242907 /* LeagueCell.swift */; };
		8E97407D21132A7100242907 /* Assets.xcassets in Resources */ = {isa = PBXBuildFile; fileRef = 8E97405E21132A7000242907 /* Assets.xcassets */; };
		8E97408121132E6700242907 /* GoogleService-Info-dev.plist in Resources */ = {isa = PBXBuildFile; fileRef = 8E97407F21132E6500242907 /* GoogleService-Info-dev.plist */; };
		8E97408221132E6700242907 /* GoogleService-Info.plist in Resources */ = {isa = PBXBuildFile; fileRef = 8E97408021132E6600242907 /* GoogleService-Info.plist */; };
		8E974085211478CB00242907 /* RAImageView.swift in Sources */ = {isa = PBXBuildFile; fileRef = 8E974084211478CA00242907 /* RAImageView.swift */; };
		8E97A801240A6590004E1ECA /* CityHelperTests.swift in Sources */ = {isa = PBXBuildFile; fileRef = 8E97A800240A6590004E1ECA /* CityHelperTests.swift */; };
		8E995877211E887800101F50 /* Payments.storyboard in Resources */ = {isa = PBXBuildFile; fileRef = 8E995876211E887800101F50 /* Payments.storyboard */; };
		8E995879211E8B5400101F50 /* PaymentSubmitViewController.swift in Sources */ = {isa = PBXBuildFile; fileRef = 8E995878211E8B5400101F50 /* PaymentSubmitViewController.swift */; };
		8EA3B68B237E3A180048FEB5 /* CityTests.swift in Sources */ = {isa = PBXBuildFile; fileRef = 8EA3B68A237E3A180048FEB5 /* CityTests.swift */; };
		8EA7EB9522FB9AF1006F1A3B /* EventTests.swift in Sources */ = {isa = PBXBuildFile; fileRef = 8EA7EB9422FB9AF1006F1A3B /* EventTests.swift */; };
		8EA970C9228E4BE10038E313 /* Venues.storyboard in Resources */ = {isa = PBXBuildFile; fileRef = 8EA970C8228E4BE10038E313 /* Venues.storyboard */; };
		8EA970CB228E4C910038E313 /* VenuesListViewController.swift in Sources */ = {isa = PBXBuildFile; fileRef = 8EA970CA228E4C910038E313 /* VenuesListViewController.swift */; };
		8EA99E1121534299001BC643 /* Feedback.storyboard in Resources */ = {isa = PBXBuildFile; fileRef = 8EA99E1021534299001BC643 /* Feedback.storyboard */; };
		8EA99E13215342C6001BC643 /* FeedbackListViewController.swift in Sources */ = {isa = PBXBuildFile; fileRef = 8EA99E12215342C6001BC643 /* FeedbackListViewController.swift */; };
		8EA99E15215342E4001BC643 /* FeedbackCell.swift in Sources */ = {isa = PBXBuildFile; fileRef = 8EA99E14215342E4001BC643 /* FeedbackCell.swift */; };
		8EBB4AF6211F561400B5B907 /* ActivityIndicatorOverlay.swift in Sources */ = {isa = PBXBuildFile; fileRef = 8EBB4AF5211F561400B5B907 /* ActivityIndicatorOverlay.swift */; };
		8EC168F3228452660066634B /* CitiesListViewController.swift in Sources */ = {isa = PBXBuildFile; fileRef = 8EC168F2228452660066634B /* CitiesListViewController.swift */; };
		8EC168F5228452AD0066634B /* Cities.storyboard in Resources */ = {isa = PBXBuildFile; fileRef = 8EC168F4228452AD0066634B /* Cities.storyboard */; };
		8EC168F7228516CF0066634B /* PlayerViewController.swift in Sources */ = {isa = PBXBuildFile; fileRef = 8EC168F6228516CE0066634B /* PlayerViewController.swift */; };
		8EC168FB2285175B0066634B /* Players.storyboard in Resources */ = {isa = PBXBuildFile; fileRef = 8EC168FA2285175B0066634B /* Players.storyboard */; };
		8EC168FD2285259C0066634B /* Map.storyboard in Resources */ = {isa = PBXBuildFile; fileRef = 8EC168FC2285259C0066634B /* Map.storyboard */; };
		8EC16901228526320066634B /* HeatMapViewController.swift in Sources */ = {isa = PBXBuildFile; fileRef = 8EC16900228526320066634B /* HeatMapViewController.swift */; };
		8EC2A62C240EEDB300D99E9F /* VenueDetailsViewController.swift in Sources */ = {isa = PBXBuildFile; fileRef = 8EC2A62B240EEDB300D99E9F /* VenueDetailsViewController.swift */; };
		8ED5818E22FF50BF00F0436C /* PlaceResultsViewController.swift in Sources */ = {isa = PBXBuildFile; fileRef = 8ED5818B22FF50BE00F0436C /* PlaceResultsViewController.swift */; };
		8ED5818F22FF50BF00F0436C /* PinpointViewController.swift in Sources */ = {isa = PBXBuildFile; fileRef = 8ED5818C22FF50BF00F0436C /* PinpointViewController.swift */; };
		8ED5819022FF50BF00F0436C /* PlaceSearchViewController.swift in Sources */ = {isa = PBXBuildFile; fileRef = 8ED5818D22FF50BF00F0436C /* PlaceSearchViewController.swift */; };
		8ED5819222FF51E100F0436C /* LocationService.swift in Sources */ = {isa = PBXBuildFile; fileRef = 8ED5819122FF51E000F0436C /* LocationService.swift */; };
		8EE18E352405E35C009DEF69 /* EventServiceTests.swift in Sources */ = {isa = PBXBuildFile; fileRef = 8EE18E342405E35C009DEF69 /* EventServiceTests.swift */; };
		8EF1934A228FA0EE00BF7691 /* CityCell.swift in Sources */ = {isa = PBXBuildFile; fileRef = 8EF19349228FA0EE00BF7691 /* CityCell.swift */; };
		8EF1934C2290660F00BF7691 /* FeedbackViewModel.swift in Sources */ = {isa = PBXBuildFile; fileRef = 8EF1934B2290660F00BF7691 /* FeedbackViewModel.swift */; };
		94C5CE9F5487058D85022A6C /* Pods_Balizinha_Tests.framework in Frameworks */ = {isa = PBXBuildFile; fileRef = 96549B357A80C114C291A8B3 /* Pods_Balizinha_Tests.framework */; };
		C64E187D2129DB630042DB68 /* PlayersScrollView.swift in Sources */ = {isa = PBXBuildFile; fileRef = C64E187C2129DB630042DB68 /* PlayersScrollView.swift */; };
		C6502BD82125270B004A3EED /* Events.storyboard in Resources */ = {isa = PBXBuildFile; fileRef = C6502BD72125270B004A3EED /* Events.storyboard */; };
		C6502BDA21252747004A3EED /* EventsListViewController.swift in Sources */ = {isa = PBXBuildFile; fileRef = C6502BD921252747004A3EED /* EventsListViewController.swift */; };
		C6502BE42126F4A7004A3EED /* EventCell.swift in Sources */ = {isa = PBXBuildFile; fileRef = C6502BE32126F4A7004A3EED /* EventCell.swift */; };
		C6993A922129EE560052B69D /* EventPlayersViewController.swift in Sources */ = {isa = PBXBuildFile; fileRef = C6993A912129EE560052B69D /* EventPlayersViewController.swift */; };
		C6BC1CDC2126FE1E00A500FD /* SearchableListViewController.swift in Sources */ = {isa = PBXBuildFile; fileRef = C6BC1CDB2126FE1E00A500FD /* SearchableListViewController.swift */; };
		C6E11AB621FCAD0300EE3126 /* Stripe.storyboard in Resources */ = {isa = PBXBuildFile; fileRef = C6E11AB521FCAD0300EE3126 /* Stripe.storyboard */; };
		C6E11AB821FCAD7C00EE3126 /* StripeMenuViewController.swift in Sources */ = {isa = PBXBuildFile; fileRef = C6E11AB721FCAD7C00EE3126 /* StripeMenuViewController.swift */; };
		E7C2C4C5230D9CFA00C4D0E6 /* DateUtilsTests.swift in Sources */ = {isa = PBXBuildFile; fileRef = E7C2C4C4230D9CFA00C4D0E6 /* DateUtilsTests.swift */; };
/* End PBXBuildFile section */

/* Begin PBXContainerItemProxy section */
		607FACE61AFB9204008FA782 /* PBXContainerItemProxy */ = {
			isa = PBXContainerItemProxy;
			containerPortal = 607FACC81AFB9204008FA782 /* Project object */;
			proxyType = 1;
			remoteGlobalIDString = 607FACCF1AFB9204008FA782;
			remoteInfo = Balizinha;
		};
/* End PBXContainerItemProxy section */

/* Begin PBXFileReference section */
		0042FD4E74A9F7EBB0C15B8D /* README.md */ = {isa = PBXFileReference; includeInIndex = 1; lastKnownFileType = net.daringfireball.markdown; name = README.md; path = ../README.md; sourceTree = "<group>"; };
		077C3A280AC11B6DD9AB842F /* Pods-Balizinha_Tests.release.xcconfig */ = {isa = PBXFileReference; includeInIndex = 1; lastKnownFileType = text.xcconfig; name = "Pods-Balizinha_Tests.release.xcconfig"; path = "Pods/Target Support Files/Pods-Balizinha_Tests/Pods-Balizinha_Tests.release.xcconfig"; sourceTree = "<group>"; };
		12F36942ECE5C791F76145B1 /* Pods-Balizinha_Example.debug.xcconfig */ = {isa = PBXFileReference; includeInIndex = 1; lastKnownFileType = text.xcconfig; name = "Pods-Balizinha_Example.debug.xcconfig"; path = "Pods/Target Support Files/Pods-Balizinha_Example/Pods-Balizinha_Example.debug.xcconfig"; sourceTree = "<group>"; };
		45E5169A41866ABAE575FCF9 /* LICENSE */ = {isa = PBXFileReference; includeInIndex = 1; lastKnownFileType = text; name = LICENSE; path = ../LICENSE; sourceTree = "<group>"; };
		4992863D94149AC806F2486B /* Balizinha.podspec */ = {isa = PBXFileReference; includeInIndex = 1; lastKnownFileType = text; name = Balizinha.podspec; path = ../Balizinha.podspec; sourceTree = "<group>"; xcLanguageSpecificationIdentifier = xcode.lang.ruby; };
		607FACD01AFB9204008FA782 /* Admin.app */ = {isa = PBXFileReference; explicitFileType = wrapper.application; includeInIndex = 0; path = Admin.app; sourceTree = BUILT_PRODUCTS_DIR; };
		607FACD41AFB9204008FA782 /* Info.plist */ = {isa = PBXFileReference; lastKnownFileType = text.plist.xml; path = Info.plist; sourceTree = "<group>"; };
		607FACE51AFB9204008FA782 /* Balizinha_Tests.xctest */ = {isa = PBXFileReference; explicitFileType = wrapper.cfbundle; includeInIndex = 0; path = Balizinha_Tests.xctest; sourceTree = BUILT_PRODUCTS_DIR; };
		607FACEA1AFB9204008FA782 /* Info.plist */ = {isa = PBXFileReference; lastKnownFileType = text.plist.xml; path = Info.plist; sourceTree = "<group>"; };
		607FACEB1AFB9204008FA782 /* Tests.swift */ = {isa = PBXFileReference; lastKnownFileType = sourcecode.swift; path = Tests.swift; sourceTree = "<group>"; };
		7F3517D46F3B5DE3D0C331AA /* Pods_Balizinha_Example.framework */ = {isa = PBXFileReference; explicitFileType = wrapper.framework; includeInIndex = 0; path = Pods_Balizinha_Example.framework; sourceTree = BUILT_PRODUCTS_DIR; };
		8E0157BA22852DB60072921C /* GQTPointQuadTree.m */ = {isa = PBXFileReference; fileEncoding = 4; lastKnownFileType = sourcecode.c.objc; path = GQTPointQuadTree.m; sourceTree = "<group>"; };
		8E0157BB22852DB60072921C /* GQTPointQuadTreeItem.h */ = {isa = PBXFileReference; fileEncoding = 4; lastKnownFileType = sourcecode.c.h; path = GQTPointQuadTreeItem.h; sourceTree = "<group>"; };
		8E0157BC22852DB60072921C /* GQTPointQuadTreeChild.m */ = {isa = PBXFileReference; fileEncoding = 4; lastKnownFileType = sourcecode.c.objc; path = GQTPointQuadTreeChild.m; sourceTree = "<group>"; };
		8E0157BD22852DB60072921C /* GQTPoint.h */ = {isa = PBXFileReference; fileEncoding = 4; lastKnownFileType = sourcecode.c.h; path = GQTPoint.h; sourceTree = "<group>"; };
		8E0157BE22852DB60072921C /* GQTPointQuadTree.h */ = {isa = PBXFileReference; fileEncoding = 4; lastKnownFileType = sourcecode.c.h; path = GQTPointQuadTree.h; sourceTree = "<group>"; };
		8E0157BF22852DB60072921C /* GQTPointQuadTreeChild.h */ = {isa = PBXFileReference; fileEncoding = 4; lastKnownFileType = sourcecode.c.h; path = GQTPointQuadTreeChild.h; sourceTree = "<group>"; };
		8E0157C022852DB70072921C /* GQTBounds.h */ = {isa = PBXFileReference; fileEncoding = 4; lastKnownFileType = sourcecode.c.h; path = GQTBounds.h; sourceTree = "<group>"; };
		8E0157C222852DB80072921C /* GMUKMLParser.m */ = {isa = PBXFileReference; fileEncoding = 4; lastKnownFileType = sourcecode.c.objc; path = GMUKMLParser.m; sourceTree = "<group>"; };
		8E0157C322852DB80072921C /* GMUGeometryRenderer.m */ = {isa = PBXFileReference; fileEncoding = 4; lastKnownFileType = sourcecode.c.objc; path = GMUGeometryRenderer.m; sourceTree = "<group>"; };
		8E0157C422852DB80072921C /* GMUGeoJSONParser.h */ = {isa = PBXFileReference; fileEncoding = 4; lastKnownFileType = sourcecode.c.h; path = GMUGeoJSONParser.h; sourceTree = "<group>"; };
		8E0157C622852DB80072921C /* GMUGeometryCollection.m */ = {isa = PBXFileReference; fileEncoding = 4; lastKnownFileType = sourcecode.c.objc; path = GMUGeometryCollection.m; sourceTree = "<group>"; };
		8E0157C722852DB80072921C /* GMUPoint.h */ = {isa = PBXFileReference; fileEncoding = 4; lastKnownFileType = sourcecode.c.h; path = GMUPoint.h; sourceTree = "<group>"; };
		8E0157C822852DB80072921C /* GMUStyle.h */ = {isa = PBXFileReference; fileEncoding = 4; lastKnownFileType = sourcecode.c.h; path = GMUStyle.h; sourceTree = "<group>"; };
		8E0157C922852DB80072921C /* GMUPlacemark.m */ = {isa = PBXFileReference; fileEncoding = 4; lastKnownFileType = sourcecode.c.objc; path = GMUPlacemark.m; sourceTree = "<group>"; };
		8E0157CA22852DB80072921C /* GMUPolygon.m */ = {isa = PBXFileReference; fileEncoding = 4; lastKnownFileType = sourcecode.c.objc; path = GMUPolygon.m; sourceTree = "<group>"; };
		8E0157CB22852DB80072921C /* GMUPair.h */ = {isa = PBXFileReference; fileEncoding = 4; lastKnownFileType = sourcecode.c.h; path = GMUPair.h; sourceTree = "<group>"; };
		8E0157CC22852DB80072921C /* GMUGeometryContainer.h */ = {isa = PBXFileReference; fileEncoding = 4; lastKnownFileType = sourcecode.c.h; path = GMUGeometryContainer.h; sourceTree = "<group>"; };
		8E0157CD22852DB80072921C /* GMUStyleMap.m */ = {isa = PBXFileReference; fileEncoding = 4; lastKnownFileType = sourcecode.c.objc; path = GMUStyleMap.m; sourceTree = "<group>"; };
		8E0157CE22852DB80072921C /* GMUFeature.m */ = {isa = PBXFileReference; fileEncoding = 4; lastKnownFileType = sourcecode.c.objc; path = GMUFeature.m; sourceTree = "<group>"; };
		8E0157CF22852DB80072921C /* GMULineString.h */ = {isa = PBXFileReference; fileEncoding = 4; lastKnownFileType = sourcecode.c.h; path = GMULineString.h; sourceTree = "<group>"; };
		8E0157D022852DB80072921C /* GMUGroundOverlay.m */ = {isa = PBXFileReference; fileEncoding = 4; lastKnownFileType = sourcecode.c.objc; path = GMUGroundOverlay.m; sourceTree = "<group>"; };
		8E0157D122852DB80072921C /* GMUStyle.m */ = {isa = PBXFileReference; fileEncoding = 4; lastKnownFileType = sourcecode.c.objc; path = GMUStyle.m; sourceTree = "<group>"; };
		8E0157D222852DB80072921C /* GMUPoint.m */ = {isa = PBXFileReference; fileEncoding = 4; lastKnownFileType = sourcecode.c.objc; path = GMUPoint.m; sourceTree = "<group>"; };
		8E0157D322852DB80072921C /* GMUGeometry.h */ = {isa = PBXFileReference; fileEncoding = 4; lastKnownFileType = sourcecode.c.h; path = GMUGeometry.h; sourceTree = "<group>"; };
		8E0157D422852DB80072921C /* GMUGeometryCollection.h */ = {isa = PBXFileReference; fileEncoding = 4; lastKnownFileType = sourcecode.c.h; path = GMUGeometryCollection.h; sourceTree = "<group>"; };
		8E0157D522852DB80072921C /* GMUPair.m */ = {isa = PBXFileReference; fileEncoding = 4; lastKnownFileType = sourcecode.c.objc; path = GMUPair.m; sourceTree = "<group>"; };
		8E0157D622852DB80072921C /* GMUPolygon.h */ = {isa = PBXFileReference; fileEncoding = 4; lastKnownFileType = sourcecode.c.h; path = GMUPolygon.h; sourceTree = "<group>"; };
		8E0157D722852DB80072921C /* GMUPlacemark.h */ = {isa = PBXFileReference; fileEncoding = 4; lastKnownFileType = sourcecode.c.h; path = GMUPlacemark.h; sourceTree = "<group>"; };
		8E0157D822852DB80072921C /* GMUStyleMap.h */ = {isa = PBXFileReference; fileEncoding = 4; lastKnownFileType = sourcecode.c.h; path = GMUStyleMap.h; sourceTree = "<group>"; };
		8E0157D922852DB80072921C /* GMUGroundOverlay.h */ = {isa = PBXFileReference; fileEncoding = 4; lastKnownFileType = sourcecode.c.h; path = GMUGroundOverlay.h; sourceTree = "<group>"; };
		8E0157DA22852DB80072921C /* GMULineString.m */ = {isa = PBXFileReference; fileEncoding = 4; lastKnownFileType = sourcecode.c.objc; path = GMULineString.m; sourceTree = "<group>"; };
		8E0157DB22852DB80072921C /* GMUFeature.h */ = {isa = PBXFileReference; fileEncoding = 4; lastKnownFileType = sourcecode.c.h; path = GMUFeature.h; sourceTree = "<group>"; };
		8E0157DC22852DB80072921C /* GMUKMLParser.h */ = {isa = PBXFileReference; fileEncoding = 4; lastKnownFileType = sourcecode.c.h; path = GMUKMLParser.h; sourceTree = "<group>"; };
		8E0157DD22852DB80072921C /* GMUGeometryRenderer+Testing.h */ = {isa = PBXFileReference; fileEncoding = 4; lastKnownFileType = sourcecode.c.h; path = "GMUGeometryRenderer+Testing.h"; sourceTree = "<group>"; };
		8E0157DE22852DB80072921C /* GMUGeoJSONParser.m */ = {isa = PBXFileReference; fileEncoding = 4; lastKnownFileType = sourcecode.c.objc; path = GMUGeoJSONParser.m; sourceTree = "<group>"; };
		8E0157DF22852DB80072921C /* GMUGeometryRenderer.h */ = {isa = PBXFileReference; fileEncoding = 4; lastKnownFileType = sourcecode.c.h; path = GMUGeometryRenderer.h; sourceTree = "<group>"; };
		8E0157E222852DBA0072921C /* GMUStaticCluster.h */ = {isa = PBXFileReference; fileEncoding = 4; lastKnownFileType = sourcecode.c.h; path = GMUStaticCluster.h; sourceTree = "<group>"; };
		8E0157E322852DBA0072921C /* GMUMarkerClustering.h */ = {isa = PBXFileReference; fileEncoding = 4; lastKnownFileType = sourcecode.c.h; path = GMUMarkerClustering.h; sourceTree = "<group>"; };
		8E0157E522852DBA0072921C /* GMUGridBasedClusterAlgorithm.m */ = {isa = PBXFileReference; fileEncoding = 4; lastKnownFileType = sourcecode.c.objc; path = GMUGridBasedClusterAlgorithm.m; sourceTree = "<group>"; };
		8E0157E622852DBA0072921C /* GMUClusterAlgorithm.h */ = {isa = PBXFileReference; fileEncoding = 4; lastKnownFileType = sourcecode.c.h; path = GMUClusterAlgorithm.h; sourceTree = "<group>"; };
		8E0157E722852DBA0072921C /* GMUNonHierarchicalDistanceBasedAlgorithm.h */ = {isa = PBXFileReference; fileEncoding = 4; lastKnownFileType = sourcecode.c.h; path = GMUNonHierarchicalDistanceBasedAlgorithm.h; sourceTree = "<group>"; };
		8E0157E822852DBA0072921C /* GMUWrappingDictionaryKey.m */ = {isa = PBXFileReference; fileEncoding = 4; lastKnownFileType = sourcecode.c.objc; path = GMUWrappingDictionaryKey.m; sourceTree = "<group>"; };
		8E0157E922852DBA0072921C /* GMUSimpleClusterAlgorithm.m */ = {isa = PBXFileReference; fileEncoding = 4; lastKnownFileType = sourcecode.c.objc; path = GMUSimpleClusterAlgorithm.m; sourceTree = "<group>"; };
		8E0157EA22852DBA0072921C /* GMUGridBasedClusterAlgorithm.h */ = {isa = PBXFileReference; fileEncoding = 4; lastKnownFileType = sourcecode.c.h; path = GMUGridBasedClusterAlgorithm.h; sourceTree = "<group>"; };
		8E0157EB22852DBA0072921C /* GMUNonHierarchicalDistanceBasedAlgorithm.m */ = {isa = PBXFileReference; fileEncoding = 4; lastKnownFileType = sourcecode.c.objc; path = GMUNonHierarchicalDistanceBasedAlgorithm.m; sourceTree = "<group>"; };
		8E0157EC22852DBA0072921C /* GMUSimpleClusterAlgorithm.h */ = {isa = PBXFileReference; fileEncoding = 4; lastKnownFileType = sourcecode.c.h; path = GMUSimpleClusterAlgorithm.h; sourceTree = "<group>"; };
		8E0157ED22852DBA0072921C /* GMUWrappingDictionaryKey.h */ = {isa = PBXFileReference; fileEncoding = 4; lastKnownFileType = sourcecode.c.h; path = GMUWrappingDictionaryKey.h; sourceTree = "<group>"; };
		8E0157EE22852DBA0072921C /* GMUClusterManager.h */ = {isa = PBXFileReference; fileEncoding = 4; lastKnownFileType = sourcecode.c.h; path = GMUClusterManager.h; sourceTree = "<group>"; };
		8E0157EF22852DBA0072921C /* GMUClusterManager+Testing.h */ = {isa = PBXFileReference; fileEncoding = 4; lastKnownFileType = sourcecode.c.h; path = "GMUClusterManager+Testing.h"; sourceTree = "<group>"; };
		8E0157F122852DBA0072921C /* GMUClusterIconGenerator.h */ = {isa = PBXFileReference; fileEncoding = 4; lastKnownFileType = sourcecode.c.h; path = GMUClusterIconGenerator.h; sourceTree = "<group>"; };
		8E0157F222852DBA0072921C /* GMUClusterRenderer.h */ = {isa = PBXFileReference; fileEncoding = 4; lastKnownFileType = sourcecode.c.h; path = GMUClusterRenderer.h; sourceTree = "<group>"; };
		8E0157F322852DBA0072921C /* GMUDefaultClusterRenderer+Testing.h */ = {isa = PBXFileReference; fileEncoding = 4; lastKnownFileType = sourcecode.c.h; path = "GMUDefaultClusterRenderer+Testing.h"; sourceTree = "<group>"; };
		8E0157F422852DBA0072921C /* GMUDefaultClusterRenderer.m */ = {isa = PBXFileReference; fileEncoding = 4; lastKnownFileType = sourcecode.c.objc; path = GMUDefaultClusterRenderer.m; sourceTree = "<group>"; };
		8E0157F522852DBA0072921C /* GMUDefaultClusterIconGenerator.h */ = {isa = PBXFileReference; fileEncoding = 4; lastKnownFileType = sourcecode.c.h; path = GMUDefaultClusterIconGenerator.h; sourceTree = "<group>"; };
		8E0157F622852DBA0072921C /* GMUDefaultClusterIconGenerator.m */ = {isa = PBXFileReference; fileEncoding = 4; lastKnownFileType = sourcecode.c.objc; path = GMUDefaultClusterIconGenerator.m; sourceTree = "<group>"; };
		8E0157F722852DBA0072921C /* GMUDefaultClusterRenderer.h */ = {isa = PBXFileReference; fileEncoding = 4; lastKnownFileType = sourcecode.c.h; path = GMUDefaultClusterRenderer.h; sourceTree = "<group>"; };
		8E0157F822852DBA0072921C /* GMUDefaultClusterIconGenerator+Testing.h */ = {isa = PBXFileReference; fileEncoding = 4; lastKnownFileType = sourcecode.c.h; path = "GMUDefaultClusterIconGenerator+Testing.h"; sourceTree = "<group>"; };
		8E0157F922852DBA0072921C /* GMUStaticCluster.m */ = {isa = PBXFileReference; fileEncoding = 4; lastKnownFileType = sourcecode.c.objc; path = GMUStaticCluster.m; sourceTree = "<group>"; };
		8E0157FA22852DBA0072921C /* GMUCluster.h */ = {isa = PBXFileReference; fileEncoding = 4; lastKnownFileType = sourcecode.c.h; path = GMUCluster.h; sourceTree = "<group>"; };
		8E0157FB22852DBA0072921C /* GMUClusterItem.h */ = {isa = PBXFileReference; fileEncoding = 4; lastKnownFileType = sourcecode.c.h; path = GMUClusterItem.h; sourceTree = "<group>"; };
		8E0157FD22852DBC0072921C /* GMUGradient.h */ = {isa = PBXFileReference; fileEncoding = 4; lastKnownFileType = sourcecode.c.h; path = GMUGradient.h; sourceTree = "<group>"; };
		8E0157FE22852DBC0072921C /* GMUWeightedLatLng.m */ = {isa = PBXFileReference; fileEncoding = 4; lastKnownFileType = sourcecode.c.objc; path = GMUWeightedLatLng.m; sourceTree = "<group>"; };
		8E0157FF22852DBC0072921C /* GMUHeatmapTileLayer.h */ = {isa = PBXFileReference; fileEncoding = 4; lastKnownFileType = sourcecode.c.h; path = GMUHeatmapTileLayer.h; sourceTree = "<group>"; };
		8E01580022852DBC0072921C /* GMUWeightedLatLng.h */ = {isa = PBXFileReference; fileEncoding = 4; lastKnownFileType = sourcecode.c.h; path = GMUWeightedLatLng.h; sourceTree = "<group>"; };
		8E01580122852DBC0072921C /* GMUGradient.m */ = {isa = PBXFileReference; fileEncoding = 4; lastKnownFileType = sourcecode.c.objc; path = GMUGradient.m; sourceTree = "<group>"; };
		8E01580222852DBC0072921C /* GMUHeatmapTileLayer.m */ = {isa = PBXFileReference; fileEncoding = 4; lastKnownFileType = sourcecode.c.objc; path = GMUHeatmapTileLayer.m; sourceTree = "<group>"; };
		8E01581D228531360072921C /* GMUClusterManager.m */ = {isa = PBXFileReference; fileEncoding = 4; lastKnownFileType = sourcecode.c.objc; path = GMUClusterManager.m; sourceTree = "<group>"; };
		8E01581F228531DB0072921C /* Bridging-Header.h */ = {isa = PBXFileReference; lastKnownFileType = sourcecode.c.h; path = "Bridging-Header.h"; sourceTree = "<group>"; };
		8E09572B21ABA1000037DA17 /* LoginStateTests.swift */ = {isa = PBXFileReference; lastKnownFileType = sourcecode.swift; path = LoginStateTests.swift; sourceTree = "<group>"; };
		8E09572F21ABA32A0037DA17 /* MockDefaultsProvider.swift */ = {isa = PBXFileReference; lastKnownFileType = sourcecode.swift; path = MockDefaultsProvider.swift; sourceTree = "<group>"; };
		8E09573821ABAE630037DA17 /* MockAuthProvider.swift */ = {isa = PBXFileReference; lastKnownFileType = sourcecode.swift; path = MockAuthProvider.swift; sourceTree = "<group>"; };
		8E18D70621304B84007BE201 /* Leagues.storyboard */ = {isa = PBXFileReference; fileEncoding = 4; lastKnownFileType = file.storyboard; path = Leagues.storyboard; sourceTree = "<group>"; };
		8E5AD7EF21612D9E00A78539 /* FeedItemsListViewController.swift */ = {isa = PBXFileReference; lastKnownFileType = sourcecode.swift; path = FeedItemsListViewController.swift; sourceTree = "<group>"; };
		8E5AD7F12161580800A78539 /* FeedItems.storyboard */ = {isa = PBXFileReference; lastKnownFileType = file.storyboard; path = FeedItems.storyboard; sourceTree = "<group>"; };
		8E5AD7F3216158FF00A78539 /* FeedItemCell.swift */ = {isa = PBXFileReference; lastKnownFileType = sourcecode.swift; path = FeedItemCell.swift; sourceTree = "<group>"; };
		8E87FEE4220BD3E100F83CC9 /* TeamsViewController.swift */ = {isa = PBXFileReference; lastKnownFileType = sourcecode.swift; path = TeamsViewController.swift; sourceTree = "<group>"; };
		8E87FEE6220BD92800F83CC9 /* TeamPlayerCell.swift */ = {isa = PBXFileReference; lastKnownFileType = sourcecode.swift; path = TeamPlayerCell.swift; sourceTree = "<group>"; };
		8E8D62D72149CF7F0043C204 /* UtilsViewController.swift */ = {isa = PBXFileReference; lastKnownFileType = sourcecode.swift; path = UtilsViewController.swift; sourceTree = "<group>"; };
		8E97403C21132A5600242907 /* ActionListViewController.swift */ = {isa = PBXFileReference; fileEncoding = 4; lastKnownFileType = sourcecode.swift; path = ActionListViewController.swift; sourceTree = "<group>"; };
		8E97403D21132A5700242907 /* Constants.swift */ = {isa = PBXFileReference; fileEncoding = 4; lastKnownFileType = sourcecode.swift; path = Constants.swift; sourceTree = "<group>"; };
		8E97403E21132A5900242907 /* LeagueEditViewController.swift */ = {isa = PBXFileReference; fileEncoding = 4; lastKnownFileType = sourcecode.swift; path = LeagueEditViewController.swift; sourceTree = "<group>"; };
		8E97403F21132A5B00242907 /* LaunchScreen.storyboard */ = {isa = PBXFileReference; fileEncoding = 4; lastKnownFileType = file.storyboard; path = LaunchScreen.storyboard; sourceTree = "<group>"; };
		8E97404121132A5C00242907 /* PaymentHeaderView.swift */ = {isa = PBXFileReference; fileEncoding = 4; lastKnownFileType = sourcecode.swift; path = PaymentHeaderView.swift; sourceTree = "<group>"; };
		8E97404221132A5C00242907 /* FirebaseModelIcon.swift */ = {isa = PBXFileReference; fileEncoding = 4; lastKnownFileType = sourcecode.swift; path = FirebaseModelIcon.swift; sourceTree = "<group>"; };
		8E97404321132A5C00242907 /* PlayerIcon.swift */ = {isa = PBXFileReference; fileEncoding = 4; lastKnownFileType = sourcecode.swift; path = PlayerIcon.swift; sourceTree = "<group>"; };
		8E97404421132A5C00242907 /* PaymentHeaderView.xib */ = {isa = PBXFileReference; fileEncoding = 4; lastKnownFileType = file.xib; path = PaymentHeaderView.xib; sourceTree = "<group>"; };
		8E97404521132A5D00242907 /* ListViewController.swift */ = {isa = PBXFileReference; fileEncoding = 4; lastKnownFileType = sourcecode.swift; path = ListViewController.swift; sourceTree = "<group>"; };
		8E97404621132A5E00242907 /* LeagueListViewController.swift */ = {isa = PBXFileReference; fileEncoding = 4; lastKnownFileType = sourcecode.swift; path = LeagueListViewController.swift; sourceTree = "<group>"; };
		8E97404721132A6000242907 /* OrganizerListViewController.swift */ = {isa = PBXFileReference; fileEncoding = 4; lastKnownFileType = sourcecode.swift; path = OrganizerListViewController.swift; sourceTree = "<group>"; };
		8E97404821132A6100242907 /* MenuViewController.swift */ = {isa = PBXFileReference; fileEncoding = 4; lastKnownFileType = sourcecode.swift; path = MenuViewController.swift; sourceTree = "<group>"; };
		8E97404C21132A6400242907 /* Organizers.storyboard */ = {isa = PBXFileReference; fileEncoding = 4; lastKnownFileType = file.storyboard; path = Organizers.storyboard; sourceTree = "<group>"; };
		8E97404F21132A6400242907 /* Base */ = {isa = PBXFileReference; lastKnownFileType = file.storyboard; name = Base; path = Base.lproj/Main.storyboard; sourceTree = "<group>"; };
		8E97405021132A6500242907 /* PlayersListViewController.swift */ = {isa = PBXFileReference; fileEncoding = 4; lastKnownFileType = sourcecode.swift; path = PlayersListViewController.swift; sourceTree = "<group>"; };
		8E97405321132A6900242907 /* AppDelegate.swift */ = {isa = PBXFileReference; fileEncoding = 4; lastKnownFileType = sourcecode.swift; path = AppDelegate.swift; sourceTree = "<group>"; };
		8E97405421132A6A00242907 /* LeaguePlayersListViewController.swift */ = {isa = PBXFileReference; fileEncoding = 4; lastKnownFileType = sourcecode.swift; path = LeaguePlayersListViewController.swift; sourceTree = "<group>"; };
		8E97405621132A6D00242907 /* PaymentsListViewController.swift */ = {isa = PBXFileReference; fileEncoding = 4; lastKnownFileType = sourcecode.swift; path = PaymentsListViewController.swift; sourceTree = "<group>"; };
		8E97405821132A6E00242907 /* LeaguePlayerCell.swift */ = {isa = PBXFileReference; fileEncoding = 4; lastKnownFileType = sourcecode.swift; path = LeaguePlayerCell.swift; sourceTree = "<group>"; };
		8E97405921132A6E00242907 /* PaymentCell.swift */ = {isa = PBXFileReference; fileEncoding = 4; lastKnownFileType = sourcecode.swift; path = PaymentCell.swift; sourceTree = "<group>"; };
		8E97405A21132A6E00242907 /* ActionCell.swift */ = {isa = PBXFileReference; fileEncoding = 4; lastKnownFileType = sourcecode.swift; path = ActionCell.swift; sourceTree = "<group>"; };
		8E97405B21132A6E00242907 /* OrganizerCell.swift */ = {isa = PBXFileReference; fileEncoding = 4; lastKnownFileType = sourcecode.swift; path = OrganizerCell.swift; sourceTree = "<group>"; };
		8E97405D21132A6E00242907 /* LeagueCell.swift */ = {isa = PBXFileReference; fileEncoding = 4; lastKnownFileType = sourcecode.swift; path = LeagueCell.swift; sourceTree = "<group>"; };
		8E97405E21132A7000242907 /* Assets.xcassets */ = {isa = PBXFileReference; lastKnownFileType = folder.assetcatalog; path = Assets.xcassets; sourceTree = "<group>"; };
		8E97407F21132E6500242907 /* GoogleService-Info-dev.plist */ = {isa = PBXFileReference; fileEncoding = 4; lastKnownFileType = text.plist.xml; path = "GoogleService-Info-dev.plist"; sourceTree = "<group>"; };
		8E97408021132E6600242907 /* GoogleService-Info.plist */ = {isa = PBXFileReference; fileEncoding = 4; lastKnownFileType = text.plist.xml; path = "GoogleService-Info.plist"; sourceTree = "<group>"; };
		8E974084211478CA00242907 /* RAImageView.swift */ = {isa = PBXFileReference; fileEncoding = 4; lastKnownFileType = sourcecode.swift; path = RAImageView.swift; sourceTree = "<group>"; };
		8E97A800240A6590004E1ECA /* CityHelperTests.swift */ = {isa = PBXFileReference; lastKnownFileType = sourcecode.swift; path = CityHelperTests.swift; sourceTree = "<group>"; };
		8E995876211E887800101F50 /* Payments.storyboard */ = {isa = PBXFileReference; lastKnownFileType = file.storyboard; path = Payments.storyboard; sourceTree = "<group>"; };
		8E995878211E8B5400101F50 /* PaymentSubmitViewController.swift */ = {isa = PBXFileReference; lastKnownFileType = sourcecode.swift; path = PaymentSubmitViewController.swift; sourceTree = "<group>"; };
		8EA3B68A237E3A180048FEB5 /* CityTests.swift */ = {isa = PBXFileReference; lastKnownFileType = sourcecode.swift; path = CityTests.swift; sourceTree = "<group>"; };
		8EA7EB9422FB9AF1006F1A3B /* EventTests.swift */ = {isa = PBXFileReference; lastKnownFileType = sourcecode.swift; path = EventTests.swift; sourceTree = "<group>"; };
		8EA970C8228E4BE10038E313 /* Venues.storyboard */ = {isa = PBXFileReference; lastKnownFileType = file.storyboard; path = Venues.storyboard; sourceTree = "<group>"; };
		8EA970CA228E4C910038E313 /* VenuesListViewController.swift */ = {isa = PBXFileReference; lastKnownFileType = sourcecode.swift; path = VenuesListViewController.swift; sourceTree = "<group>"; };
		8EA99E1021534299001BC643 /* Feedback.storyboard */ = {isa = PBXFileReference; lastKnownFileType = file.storyboard; path = Feedback.storyboard; sourceTree = "<group>"; };
		8EA99E12215342C6001BC643 /* FeedbackListViewController.swift */ = {isa = PBXFileReference; lastKnownFileType = sourcecode.swift; path = FeedbackListViewController.swift; sourceTree = "<group>"; };
		8EA99E14215342E4001BC643 /* FeedbackCell.swift */ = {isa = PBXFileReference; lastKnownFileType = sourcecode.swift; path = FeedbackCell.swift; sourceTree = "<group>"; };
		8EBB4AF5211F561400B5B907 /* ActivityIndicatorOverlay.swift */ = {isa = PBXFileReference; fileEncoding = 4; lastKnownFileType = sourcecode.swift; path = ActivityIndicatorOverlay.swift; sourceTree = "<group>"; };
		8EC168F2228452660066634B /* CitiesListViewController.swift */ = {isa = PBXFileReference; lastKnownFileType = sourcecode.swift; path = CitiesListViewController.swift; sourceTree = "<group>"; };
		8EC168F4228452AD0066634B /* Cities.storyboard */ = {isa = PBXFileReference; lastKnownFileType = file.storyboard; path = Cities.storyboard; sourceTree = "<group>"; };
		8EC168F6228516CE0066634B /* PlayerViewController.swift */ = {isa = PBXFileReference; fileEncoding = 4; lastKnownFileType = sourcecode.swift; path = PlayerViewController.swift; sourceTree = "<group>"; };
		8EC168FA2285175B0066634B /* Players.storyboard */ = {isa = PBXFileReference; lastKnownFileType = file.storyboard; path = Players.storyboard; sourceTree = "<group>"; };
		8EC168FC2285259C0066634B /* Map.storyboard */ = {isa = PBXFileReference; lastKnownFileType = file.storyboard; path = Map.storyboard; sourceTree = "<group>"; };
		8EC16900228526320066634B /* HeatMapViewController.swift */ = {isa = PBXFileReference; lastKnownFileType = sourcecode.swift; path = HeatMapViewController.swift; sourceTree = "<group>"; };
		8EC2A62B240EEDB300D99E9F /* VenueDetailsViewController.swift */ = {isa = PBXFileReference; fileEncoding = 4; lastKnownFileType = sourcecode.swift; path = VenueDetailsViewController.swift; sourceTree = "<group>"; };
		8ED5818B22FF50BE00F0436C /* PlaceResultsViewController.swift */ = {isa = PBXFileReference; fileEncoding = 4; lastKnownFileType = sourcecode.swift; path = PlaceResultsViewController.swift; sourceTree = "<group>"; };
		8ED5818C22FF50BF00F0436C /* PinpointViewController.swift */ = {isa = PBXFileReference; fileEncoding = 4; lastKnownFileType = sourcecode.swift; path = PinpointViewController.swift; sourceTree = "<group>"; };
		8ED5818D22FF50BF00F0436C /* PlaceSearchViewController.swift */ = {isa = PBXFileReference; fileEncoding = 4; lastKnownFileType = sourcecode.swift; path = PlaceSearchViewController.swift; sourceTree = "<group>"; };
		8ED5819122FF51E000F0436C /* LocationService.swift */ = {isa = PBXFileReference; fileEncoding = 4; lastKnownFileType = sourcecode.swift; path = LocationService.swift; sourceTree = "<group>"; };
		8EE18E342405E35C009DEF69 /* EventServiceTests.swift */ = {isa = PBXFileReference; lastKnownFileType = sourcecode.swift; path = EventServiceTests.swift; sourceTree = "<group>"; };
		8EF19349228FA0EE00BF7691 /* CityCell.swift */ = {isa = PBXFileReference; lastKnownFileType = sourcecode.swift; path = CityCell.swift; sourceTree = "<group>"; };
		8EF1934B2290660F00BF7691 /* FeedbackViewModel.swift */ = {isa = PBXFileReference; lastKnownFileType = sourcecode.swift; path = FeedbackViewModel.swift; sourceTree = "<group>"; };
		96549B357A80C114C291A8B3 /* Pods_Balizinha_Tests.framework */ = {isa = PBXFileReference; explicitFileType = wrapper.framework; includeInIndex = 0; path = Pods_Balizinha_Tests.framework; sourceTree = BUILT_PRODUCTS_DIR; };
		C64E187C2129DB630042DB68 /* PlayersScrollView.swift */ = {isa = PBXFileReference; fileEncoding = 4; lastKnownFileType = sourcecode.swift; path = PlayersScrollView.swift; sourceTree = "<group>"; };
		C6502BD72125270B004A3EED /* Events.storyboard */ = {isa = PBXFileReference; lastKnownFileType = file.storyboard; path = Events.storyboard; sourceTree = "<group>"; };
		C6502BD921252747004A3EED /* EventsListViewController.swift */ = {isa = PBXFileReference; lastKnownFileType = sourcecode.swift; path = EventsListViewController.swift; sourceTree = "<group>"; };
		C6502BE32126F4A7004A3EED /* EventCell.swift */ = {isa = PBXFileReference; lastKnownFileType = sourcecode.swift; path = EventCell.swift; sourceTree = "<group>"; };
		C6993A912129EE560052B69D /* EventPlayersViewController.swift */ = {isa = PBXFileReference; lastKnownFileType = sourcecode.swift; path = EventPlayersViewController.swift; sourceTree = "<group>"; };
		C6993A95212AF83C0052B69D /* Admin.entitlements */ = {isa = PBXFileReference; lastKnownFileType = text.plist.entitlements; path = Admin.entitlements; sourceTree = "<group>"; };
		C6BC1CDB2126FE1E00A500FD /* SearchableListViewController.swift */ = {isa = PBXFileReference; lastKnownFileType = sourcecode.swift; path = SearchableListViewController.swift; sourceTree = "<group>"; };
		C6E11AB521FCAD0300EE3126 /* Stripe.storyboard */ = {isa = PBXFileReference; lastKnownFileType = file.storyboard; path = Stripe.storyboard; sourceTree = "<group>"; };
		C6E11AB721FCAD7C00EE3126 /* StripeMenuViewController.swift */ = {isa = PBXFileReference; lastKnownFileType = sourcecode.swift; path = StripeMenuViewController.swift; sourceTree = "<group>"; };
		CD0B4B52D8F4EC108A0EA635 /* Pods-Balizinha_Tests.debug.xcconfig */ = {isa = PBXFileReference; includeInIndex = 1; lastKnownFileType = text.xcconfig; name = "Pods-Balizinha_Tests.debug.xcconfig"; path = "Pods/Target Support Files/Pods-Balizinha_Tests/Pods-Balizinha_Tests.debug.xcconfig"; sourceTree = "<group>"; };
		E7C2C4C4230D9CFA00C4D0E6 /* DateUtilsTests.swift */ = {isa = PBXFileReference; lastKnownFileType = sourcecode.swift; path = DateUtilsTests.swift; sourceTree = "<group>"; };
		E7C2CC37230DB8F800C4D0E6 /* Location.gpx */ = {isa = PBXFileReference; lastKnownFileType = text.xml; path = Location.gpx; sourceTree = "<group>"; };
		FD4F6317CA270849E7E57832 /* Pods-Balizinha_Example.release.xcconfig */ = {isa = PBXFileReference; includeInIndex = 1; lastKnownFileType = text.xcconfig; name = "Pods-Balizinha_Example.release.xcconfig"; path = "Pods/Target Support Files/Pods-Balizinha_Example/Pods-Balizinha_Example.release.xcconfig"; sourceTree = "<group>"; };
/* End PBXFileReference section */

/* Begin PBXFrameworksBuildPhase section */
		607FACCD1AFB9204008FA782 /* Frameworks */ = {
			isa = PBXFrameworksBuildPhase;
			buildActionMask = 2147483647;
			files = (
				0CC2EF0F4E7313F9D13FE586 /* Pods_Balizinha_Example.framework in Frameworks */,
			);
			runOnlyForDeploymentPostprocessing = 0;
		};
		607FACE21AFB9204008FA782 /* Frameworks */ = {
			isa = PBXFrameworksBuildPhase;
			buildActionMask = 2147483647;
			files = (
				94C5CE9F5487058D85022A6C /* Pods_Balizinha_Tests.framework in Frameworks */,
			);
			runOnlyForDeploymentPostprocessing = 0;
		};
/* End PBXFrameworksBuildPhase section */

/* Begin PBXGroup section */
		607FACC71AFB9204008FA782 = {
			isa = PBXGroup;
			children = (
				C6993A95212AF83C0052B69D /* Admin.entitlements */,
				607FACF51AFB993E008FA782 /* Podspec Metadata */,
				607FACD21AFB9204008FA782 /* Balizinha Admin */,
				607FACE81AFB9204008FA782 /* Tests */,
				607FACD11AFB9204008FA782 /* Products */,
				AF156FF2D40967F703C4016A /* Pods */,
				77D994DF9E168D79E4C42081 /* Frameworks */,
			);
			sourceTree = "<group>";
		};
		607FACD11AFB9204008FA782 /* Products */ = {
			isa = PBXGroup;
			children = (
				607FACD01AFB9204008FA782 /* Admin.app */,
				607FACE51AFB9204008FA782 /* Balizinha_Tests.xctest */,
			);
			name = Products;
			sourceTree = "<group>";
		};
		607FACD21AFB9204008FA782 /* Balizinha Admin */ = {
			isa = PBXGroup;
			children = (
				8E01581F228531DB0072921C /* Bridging-Header.h */,
				8E0157B822852DAB0072921C /* GoogleMapsUtils */,
				8E97404521132A5D00242907 /* ListViewController.swift */,
				C6BC1CDB2126FE1E00A500FD /* SearchableListViewController.swift */,
				8E97404821132A6100242907 /* MenuViewController.swift */,
				8EC168F2228452660066634B /* CitiesListViewController.swift */,
				8ED5819122FF51E000F0436C /* LocationService.swift */,
				8ED5818A22FF509900F0436C /* Venues */,
				8E8F314222844ED5009B052D /* Players */,
				8E8F314422844EEC009B052D /* Events */,
				8E8F314622844F19009B052D /* Actions */,
				8E8F314722844FA2009B052D /* Payments */,
				8E8F314522844EF2009B052D /* Leagues */,
				8E8F314822844FC7009B052D /* Feed */,
				8E8F314A22845001009B052D /* Admin */,
				8EC168FF228526020066634B /* Maps */,
				8E8F314922844FF6009B052D /* Feedback */,
				8E97404B21132A6400242907 /* Storyboards */,
				8E97404021132A5C00242907 /* Views */,
				8E97405721132A6E00242907 /* Cells */,
				8E97403D21132A5700242907 /* Constants.swift */,
				8E97405321132A6900242907 /* AppDelegate.swift */,
				8E97405E21132A7000242907 /* Assets.xcassets */,
				8E97404721132A6000242907 /* OrganizerListViewController.swift */,
				8E87FEE4220BD3E100F83CC9 /* TeamsViewController.swift */,
				607FACD31AFB9204008FA782 /* Supporting Files */,
			);
			name = "Balizinha Admin";
			path = Balizinha;
			sourceTree = "<group>";
		};
		607FACD31AFB9204008FA782 /* Supporting Files */ = {
			isa = PBXGroup;
			children = (
				8E97407F21132E6500242907 /* GoogleService-Info-dev.plist */,
				8E97408021132E6600242907 /* GoogleService-Info.plist */,
				607FACD41AFB9204008FA782 /* Info.plist */,
			);
			name = "Supporting Files";
			sourceTree = "<group>";
		};
		607FACE81AFB9204008FA782 /* Tests */ = {
			isa = PBXGroup;
			children = (
				607FACEB1AFB9204008FA782 /* Tests.swift */,
				8E09572B21ABA1000037DA17 /* LoginStateTests.swift */,
				8E09572F21ABA32A0037DA17 /* MockDefaultsProvider.swift */,
				8E09573821ABAE630037DA17 /* MockAuthProvider.swift */,
				8EA7EB9422FB9AF1006F1A3B /* EventTests.swift */,
				E7C2CC37230DB8F800C4D0E6 /* Location.gpx */,
				607FACE91AFB9204008FA782 /* Supporting Files */,
				E7C2C4C4230D9CFA00C4D0E6 /* DateUtilsTests.swift */,
				8EE18E342405E35C009DEF69 /* EventServiceTests.swift */,
				8EA3B68A237E3A180048FEB5 /* CityTests.swift */,
				8E97A800240A6590004E1ECA /* CityHelperTests.swift */,
			);
			path = Tests;
			sourceTree = "<group>";
		};
		607FACE91AFB9204008FA782 /* Supporting Files */ = {
			isa = PBXGroup;
			children = (
				607FACEA1AFB9204008FA782 /* Info.plist */,
			);
			name = "Supporting Files";
			sourceTree = "<group>";
		};
		607FACF51AFB993E008FA782 /* Podspec Metadata */ = {
			isa = PBXGroup;
			children = (
				4992863D94149AC806F2486B /* Balizinha.podspec */,
				0042FD4E74A9F7EBB0C15B8D /* README.md */,
				45E5169A41866ABAE575FCF9 /* LICENSE */,
			);
			name = "Podspec Metadata";
			sourceTree = "<group>";
		};
		77D994DF9E168D79E4C42081 /* Frameworks */ = {
			isa = PBXGroup;
			children = (
				7F3517D46F3B5DE3D0C331AA /* Pods_Balizinha_Example.framework */,
				96549B357A80C114C291A8B3 /* Pods_Balizinha_Tests.framework */,
			);
			name = Frameworks;
			sourceTree = "<group>";
		};
		8E0157B822852DAB0072921C /* GoogleMapsUtils */ = {
			isa = PBXGroup;
			children = (
				8E0157E022852DBA0072921C /* Clustering */,
				8E0157C122852DB80072921C /* Geometry */,
				8E0157FC22852DBC0072921C /* Heatmap */,
				8E0157B922852DB60072921C /* QuadTree */,
			);
			path = GoogleMapsUtils;
			sourceTree = "<group>";
		};
		8E0157B922852DB60072921C /* QuadTree */ = {
			isa = PBXGroup;
			children = (
				8E0157BA22852DB60072921C /* GQTPointQuadTree.m */,
				8E0157BB22852DB60072921C /* GQTPointQuadTreeItem.h */,
				8E0157BC22852DB60072921C /* GQTPointQuadTreeChild.m */,
				8E0157BD22852DB60072921C /* GQTPoint.h */,
				8E0157BE22852DB60072921C /* GQTPointQuadTree.h */,
				8E0157BF22852DB60072921C /* GQTPointQuadTreeChild.h */,
				8E0157C022852DB70072921C /* GQTBounds.h */,
			);
			path = QuadTree;
			sourceTree = "<group>";
		};
		8E0157C122852DB80072921C /* Geometry */ = {
			isa = PBXGroup;
			children = (
				8E0157C222852DB80072921C /* GMUKMLParser.m */,
				8E0157C322852DB80072921C /* GMUGeometryRenderer.m */,
				8E0157C422852DB80072921C /* GMUGeoJSONParser.h */,
				8E0157C522852DB80072921C /* Model */,
				8E0157DC22852DB80072921C /* GMUKMLParser.h */,
				8E0157DD22852DB80072921C /* GMUGeometryRenderer+Testing.h */,
				8E0157DE22852DB80072921C /* GMUGeoJSONParser.m */,
				8E0157DF22852DB80072921C /* GMUGeometryRenderer.h */,
			);
			path = Geometry;
			sourceTree = "<group>";
		};
		8E0157C522852DB80072921C /* Model */ = {
			isa = PBXGroup;
			children = (
				8E0157C622852DB80072921C /* GMUGeometryCollection.m */,
				8E0157C722852DB80072921C /* GMUPoint.h */,
				8E0157C822852DB80072921C /* GMUStyle.h */,
				8E0157C922852DB80072921C /* GMUPlacemark.m */,
				8E0157CA22852DB80072921C /* GMUPolygon.m */,
				8E0157CB22852DB80072921C /* GMUPair.h */,
				8E0157CC22852DB80072921C /* GMUGeometryContainer.h */,
				8E0157CD22852DB80072921C /* GMUStyleMap.m */,
				8E0157CE22852DB80072921C /* GMUFeature.m */,
				8E0157CF22852DB80072921C /* GMULineString.h */,
				8E0157D022852DB80072921C /* GMUGroundOverlay.m */,
				8E0157D122852DB80072921C /* GMUStyle.m */,
				8E0157D222852DB80072921C /* GMUPoint.m */,
				8E0157D322852DB80072921C /* GMUGeometry.h */,
				8E0157D422852DB80072921C /* GMUGeometryCollection.h */,
				8E0157D522852DB80072921C /* GMUPair.m */,
				8E0157D622852DB80072921C /* GMUPolygon.h */,
				8E0157D722852DB80072921C /* GMUPlacemark.h */,
				8E0157D822852DB80072921C /* GMUStyleMap.h */,
				8E0157D922852DB80072921C /* GMUGroundOverlay.h */,
				8E0157DA22852DB80072921C /* GMULineString.m */,
				8E0157DB22852DB80072921C /* GMUFeature.h */,
			);
			path = Model;
			sourceTree = "<group>";
		};
		8E0157E022852DBA0072921C /* Clustering */ = {
			isa = PBXGroup;
			children = (
				8E01581D228531360072921C /* GMUClusterManager.m */,
				8E0157E222852DBA0072921C /* GMUStaticCluster.h */,
				8E0157E322852DBA0072921C /* GMUMarkerClustering.h */,
				8E0157E422852DBA0072921C /* Algo */,
				8E0157EE22852DBA0072921C /* GMUClusterManager.h */,
				8E0157EF22852DBA0072921C /* GMUClusterManager+Testing.h */,
				8E0157F022852DBA0072921C /* View */,
				8E0157F922852DBA0072921C /* GMUStaticCluster.m */,
				8E0157FA22852DBA0072921C /* GMUCluster.h */,
				8E0157FB22852DBA0072921C /* GMUClusterItem.h */,
			);
			path = Clustering;
			sourceTree = "<group>";
		};
		8E0157E422852DBA0072921C /* Algo */ = {
			isa = PBXGroup;
			children = (
				8E0157E522852DBA0072921C /* GMUGridBasedClusterAlgorithm.m */,
				8E0157E622852DBA0072921C /* GMUClusterAlgorithm.h */,
				8E0157E722852DBA0072921C /* GMUNonHierarchicalDistanceBasedAlgorithm.h */,
				8E0157E822852DBA0072921C /* GMUWrappingDictionaryKey.m */,
				8E0157E922852DBA0072921C /* GMUSimpleClusterAlgorithm.m */,
				8E0157EA22852DBA0072921C /* GMUGridBasedClusterAlgorithm.h */,
				8E0157EB22852DBA0072921C /* GMUNonHierarchicalDistanceBasedAlgorithm.m */,
				8E0157EC22852DBA0072921C /* GMUSimpleClusterAlgorithm.h */,
				8E0157ED22852DBA0072921C /* GMUWrappingDictionaryKey.h */,
			);
			path = Algo;
			sourceTree = "<group>";
		};
		8E0157F022852DBA0072921C /* View */ = {
			isa = PBXGroup;
			children = (
				8E0157F122852DBA0072921C /* GMUClusterIconGenerator.h */,
				8E0157F222852DBA0072921C /* GMUClusterRenderer.h */,
				8E0157F322852DBA0072921C /* GMUDefaultClusterRenderer+Testing.h */,
				8E0157F422852DBA0072921C /* GMUDefaultClusterRenderer.m */,
				8E0157F522852DBA0072921C /* GMUDefaultClusterIconGenerator.h */,
				8E0157F622852DBA0072921C /* GMUDefaultClusterIconGenerator.m */,
				8E0157F722852DBA0072921C /* GMUDefaultClusterRenderer.h */,
				8E0157F822852DBA0072921C /* GMUDefaultClusterIconGenerator+Testing.h */,
			);
			path = View;
			sourceTree = "<group>";
		};
		8E0157FC22852DBC0072921C /* Heatmap */ = {
			isa = PBXGroup;
			children = (
				8E0157FD22852DBC0072921C /* GMUGradient.h */,
				8E0157FE22852DBC0072921C /* GMUWeightedLatLng.m */,
				8E0157FF22852DBC0072921C /* GMUHeatmapTileLayer.h */,
				8E01580022852DBC0072921C /* GMUWeightedLatLng.h */,
				8E01580122852DBC0072921C /* GMUGradient.m */,
				8E01580222852DBC0072921C /* GMUHeatmapTileLayer.m */,
			);
			path = Heatmap;
			sourceTree = "<group>";
		};
		8E8F314222844ED5009B052D /* Players */ = {
			isa = PBXGroup;
			children = (
				8E97405021132A6500242907 /* PlayersListViewController.swift */,
				8EC168F6228516CE0066634B /* PlayerViewController.swift */,
			);
			path = Players;
			sourceTree = "<group>";
		};
		8E8F314422844EEC009B052D /* Events */ = {
			isa = PBXGroup;
			children = (
				C6502BD921252747004A3EED /* EventsListViewController.swift */,
				C6993A912129EE560052B69D /* EventPlayersViewController.swift */,
			);
			path = Events;
			sourceTree = "<group>";
		};
		8E8F314522844EF2009B052D /* Leagues */ = {
			isa = PBXGroup;
			children = (
				8E97403E21132A5900242907 /* LeagueEditViewController.swift */,
				8E97404621132A5E00242907 /* LeagueListViewController.swift */,
				8E97405421132A6A00242907 /* LeaguePlayersListViewController.swift */,
			);
			path = Leagues;
			sourceTree = "<group>";
		};
		8E8F314622844F19009B052D /* Actions */ = {
			isa = PBXGroup;
			children = (
				8E97403C21132A5600242907 /* ActionListViewController.swift */,
			);
			path = Actions;
			sourceTree = "<group>";
		};
		8E8F314722844FA2009B052D /* Payments */ = {
			isa = PBXGroup;
			children = (
				8E97405621132A6D00242907 /* PaymentsListViewController.swift */,
				8E995878211E8B5400101F50 /* PaymentSubmitViewController.swift */,
				C6E11AB721FCAD7C00EE3126 /* StripeMenuViewController.swift */,
			);
			path = Payments;
			sourceTree = "<group>";
		};
		8E8F314822844FC7009B052D /* Feed */ = {
			isa = PBXGroup;
			children = (
				8E5AD7EF21612D9E00A78539 /* FeedItemsListViewController.swift */,
			);
			path = Feed;
			sourceTree = "<group>";
		};
		8E8F314922844FF6009B052D /* Feedback */ = {
			isa = PBXGroup;
			children = (
				8EA99E12215342C6001BC643 /* FeedbackListViewController.swift */,
				8EF1934B2290660F00BF7691 /* FeedbackViewModel.swift */,
			);
			path = Feedback;
			sourceTree = "<group>";
		};
		8E8F314A22845001009B052D /* Admin */ = {
			isa = PBXGroup;
			children = (
				8E8D62D72149CF7F0043C204 /* UtilsViewController.swift */,
			);
			path = Admin;
			sourceTree = "<group>";
		};
		8E97404021132A5C00242907 /* Views */ = {
			isa = PBXGroup;
			children = (
				C64E187C2129DB630042DB68 /* PlayersScrollView.swift */,
				8EBB4AF5211F561400B5B907 /* ActivityIndicatorOverlay.swift */,
				8E97404121132A5C00242907 /* PaymentHeaderView.swift */,
				8E97404221132A5C00242907 /* FirebaseModelIcon.swift */,
				8E97404321132A5C00242907 /* PlayerIcon.swift */,
				8E97404421132A5C00242907 /* PaymentHeaderView.xib */,
				8E974084211478CA00242907 /* RAImageView.swift */,
			);
			path = Views;
			sourceTree = "<group>";
		};
		8E97404B21132A6400242907 /* Storyboards */ = {
			isa = PBXGroup;
			children = (
				8E97403F21132A5B00242907 /* LaunchScreen.storyboard */,
				8E18D70621304B84007BE201 /* Leagues.storyboard */,
				8E5AD7F12161580800A78539 /* FeedItems.storyboard */,
				8E97404C21132A6400242907 /* Organizers.storyboard */,
				8E97404E21132A6400242907 /* Main.storyboard */,
				8E995876211E887800101F50 /* Payments.storyboard */,
				C6502BD72125270B004A3EED /* Events.storyboard */,
				8EA99E1021534299001BC643 /* Feedback.storyboard */,
				C6E11AB521FCAD0300EE3126 /* Stripe.storyboard */,
				8EC168F4228452AD0066634B /* Cities.storyboard */,
				8EC168FA2285175B0066634B /* Players.storyboard */,
				8EC168FC2285259C0066634B /* Map.storyboard */,
				8EA970C8228E4BE10038E313 /* Venues.storyboard */,
			);
			path = Storyboards;
			sourceTree = "<group>";
		};
		8E97405721132A6E00242907 /* Cells */ = {
			isa = PBXGroup;
			children = (
				8E97405821132A6E00242907 /* LeaguePlayerCell.swift */,
				8E87FEE6220BD92800F83CC9 /* TeamPlayerCell.swift */,
				8E97405921132A6E00242907 /* PaymentCell.swift */,
				8E97405A21132A6E00242907 /* ActionCell.swift */,
				8E97405B21132A6E00242907 /* OrganizerCell.swift */,
				8E97405D21132A6E00242907 /* LeagueCell.swift */,
				C6502BE32126F4A7004A3EED /* EventCell.swift */,
				8EA99E14215342E4001BC643 /* FeedbackCell.swift */,
				8E5AD7F3216158FF00A78539 /* FeedItemCell.swift */,
				8EF19349228FA0EE00BF7691 /* CityCell.swift */,
			);
			path = Cells;
			sourceTree = "<group>";
		};
		8EC168FF228526020066634B /* Maps */ = {
			isa = PBXGroup;
			children = (
				8EC16900228526320066634B /* HeatMapViewController.swift */,
			);
			path = Maps;
			sourceTree = "<group>";
		};
		8ED5818A22FF509900F0436C /* Venues */ = {
			isa = PBXGroup;
			children = (
				8EA970CA228E4C910038E313 /* VenuesListViewController.swift */,
				8ED5818D22FF50BF00F0436C /* PlaceSearchViewController.swift */,
				8ED5818B22FF50BE00F0436C /* PlaceResultsViewController.swift */,
				8ED5818C22FF50BF00F0436C /* PinpointViewController.swift */,
				8EC2A62B240EEDB300D99E9F /* VenueDetailsViewController.swift */,
			);
			path = Venues;
			sourceTree = "<group>";
		};
		AF156FF2D40967F703C4016A /* Pods */ = {
			isa = PBXGroup;
			children = (
				12F36942ECE5C791F76145B1 /* Pods-Balizinha_Example.debug.xcconfig */,
				FD4F6317CA270849E7E57832 /* Pods-Balizinha_Example.release.xcconfig */,
				CD0B4B52D8F4EC108A0EA635 /* Pods-Balizinha_Tests.debug.xcconfig */,
				077C3A280AC11B6DD9AB842F /* Pods-Balizinha_Tests.release.xcconfig */,
			);
			name = Pods;
			sourceTree = "<group>";
		};
/* End PBXGroup section */

/* Begin PBXNativeTarget section */
		607FACCF1AFB9204008FA782 /* Balizinha_Example */ = {
			isa = PBXNativeTarget;
			buildConfigurationList = 607FACEF1AFB9204008FA782 /* Build configuration list for PBXNativeTarget "Balizinha_Example" */;
			buildPhases = (
				75BD8C4A98ADF8E4E2DB7E50 /* [CP] Check Pods Manifest.lock */,
				607FACCC1AFB9204008FA782 /* Sources */,
				607FACCD1AFB9204008FA782 /* Frameworks */,
				607FACCE1AFB9204008FA782 /* Resources */,
				BBB969EC8BE3CEABF50AB3D2 /* [CP] Embed Pods Frameworks */,
				B1F134FFCCB99D155DF33A8A /* [CP] Copy Pods Resources */,
			);
			buildRules = (
			);
			dependencies = (
			);
			name = Balizinha_Example;
			productName = Balizinha;
			productReference = 607FACD01AFB9204008FA782 /* Admin.app */;
			productType = "com.apple.product-type.application";
		};
		607FACE41AFB9204008FA782 /* Balizinha_Tests */ = {
			isa = PBXNativeTarget;
			buildConfigurationList = 607FACF21AFB9204008FA782 /* Build configuration list for PBXNativeTarget "Balizinha_Tests" */;
			buildPhases = (
				6D0ED9B0589360F0E402B0F2 /* [CP] Check Pods Manifest.lock */,
				607FACE11AFB9204008FA782 /* Sources */,
				607FACE21AFB9204008FA782 /* Frameworks */,
				607FACE31AFB9204008FA782 /* Resources */,
			);
			buildRules = (
			);
			dependencies = (
				607FACE71AFB9204008FA782 /* PBXTargetDependency */,
			);
			name = Balizinha_Tests;
			productName = Tests;
			productReference = 607FACE51AFB9204008FA782 /* Balizinha_Tests.xctest */;
			productType = "com.apple.product-type.bundle.unit-test";
		};
/* End PBXNativeTarget section */

/* Begin PBXProject section */
		607FACC81AFB9204008FA782 /* Project object */ = {
			isa = PBXProject;
			attributes = {
				LastSwiftUpdateCheck = 0830;
				LastUpgradeCheck = 1030;
				ORGANIZATIONNAME = CocoaPods;
				TargetAttributes = {
					607FACCF1AFB9204008FA782 = {
						CreatedOnToolsVersion = 6.3.1;
						DevelopmentTeam = H799H8B8DD;
						LastSwiftMigration = 1030;
						ProvisioningStyle = Automatic;
						SystemCapabilities = {
							com.apple.Push = {
								enabled = 0;
							};
						};
					};
					607FACE41AFB9204008FA782 = {
						CreatedOnToolsVersion = 6.3.1;
						DevelopmentTeam = H799H8B8DD;
						LastSwiftMigration = 1030;
						ProvisioningStyle = Automatic;
						TestTargetID = 607FACCF1AFB9204008FA782;
					};
				};
			};
			buildConfigurationList = 607FACCB1AFB9204008FA782 /* Build configuration list for PBXProject "Balizinha" */;
			compatibilityVersion = "Xcode 3.2";
			developmentRegion = en;
			hasScannedForEncodings = 0;
			knownRegions = (
				en,
				Base,
			);
			mainGroup = 607FACC71AFB9204008FA782;
			productRefGroup = 607FACD11AFB9204008FA782 /* Products */;
			projectDirPath = "";
			projectRoot = "";
			targets = (
				607FACCF1AFB9204008FA782 /* Balizinha_Example */,
				607FACE41AFB9204008FA782 /* Balizinha_Tests */,
			);
		};
/* End PBXProject section */

/* Begin PBXResourcesBuildPhase section */
		607FACCE1AFB9204008FA782 /* Resources */ = {
			isa = PBXResourcesBuildPhase;
			buildActionMask = 2147483647;
			files = (
				8E97406721132A7100242907 /* PaymentHeaderView.xib in Resources */,
				8E5AD7F22161580800A78539 /* FeedItems.storyboard in Resources */,
				8E97408121132E6700242907 /* GoogleService-Info-dev.plist in Resources */,
				8EC168FD2285259C0066634B /* Map.storyboard in Resources */,
				8E97406F21132A7100242907 /* Main.storyboard in Resources */,
				8EA970C9228E4BE10038E313 /* Venues.storyboard in Resources */,
				C6502BD82125270B004A3EED /* Events.storyboard in Resources */,
				8EC168FB2285175B0066634B /* Players.storyboard in Resources */,
				C6E11AB621FCAD0300EE3126 /* Stripe.storyboard in Resources */,
				8E97406D21132A7100242907 /* Organizers.storyboard in Resources */,
				8E97406321132A7100242907 /* LaunchScreen.storyboard in Resources */,
				8E97408221132E6700242907 /* GoogleService-Info.plist in Resources */,
				8E18D70721304B84007BE201 /* Leagues.storyboard in Resources */,
				8E97407D21132A7100242907 /* Assets.xcassets in Resources */,
				8EC168F5228452AD0066634B /* Cities.storyboard in Resources */,
				8EA99E1121534299001BC643 /* Feedback.storyboard in Resources */,
				8E995877211E887800101F50 /* Payments.storyboard in Resources */,
			);
			runOnlyForDeploymentPostprocessing = 0;
		};
		607FACE31AFB9204008FA782 /* Resources */ = {
			isa = PBXResourcesBuildPhase;
			buildActionMask = 2147483647;
			files = (
			);
			runOnlyForDeploymentPostprocessing = 0;
		};
/* End PBXResourcesBuildPhase section */

/* Begin PBXShellScriptBuildPhase section */
		6D0ED9B0589360F0E402B0F2 /* [CP] Check Pods Manifest.lock */ = {
			isa = PBXShellScriptBuildPhase;
			buildActionMask = 2147483647;
			files = (
			);
			inputPaths = (
				"${PODS_PODFILE_DIR_PATH}/Podfile.lock",
				"${PODS_ROOT}/Manifest.lock",
			);
			name = "[CP] Check Pods Manifest.lock";
			outputPaths = (
				"$(DERIVED_FILE_DIR)/Pods-Balizinha_Tests-checkManifestLockResult.txt",
			);
			runOnlyForDeploymentPostprocessing = 0;
			shellPath = /bin/sh;
			shellScript = "diff \"${PODS_PODFILE_DIR_PATH}/Podfile.lock\" \"${PODS_ROOT}/Manifest.lock\" > /dev/null\nif [ $? != 0 ] ; then\n    # print error to STDERR\n    echo \"error: The sandbox is not in sync with the Podfile.lock. Run 'pod install' or update your CocoaPods installation.\" >&2\n    exit 1\nfi\n# This output is used by Xcode 'outputs' to avoid re-running this script phase.\necho \"SUCCESS\" > \"${SCRIPT_OUTPUT_FILE_0}\"\n";
			showEnvVarsInLog = 0;
		};
		75BD8C4A98ADF8E4E2DB7E50 /* [CP] Check Pods Manifest.lock */ = {
			isa = PBXShellScriptBuildPhase;
			buildActionMask = 2147483647;
			files = (
			);
			inputPaths = (
				"${PODS_PODFILE_DIR_PATH}/Podfile.lock",
				"${PODS_ROOT}/Manifest.lock",
			);
			name = "[CP] Check Pods Manifest.lock";
			outputPaths = (
				"$(DERIVED_FILE_DIR)/Pods-Balizinha_Example-checkManifestLockResult.txt",
			);
			runOnlyForDeploymentPostprocessing = 0;
			shellPath = /bin/sh;
			shellScript = "diff \"${PODS_PODFILE_DIR_PATH}/Podfile.lock\" \"${PODS_ROOT}/Manifest.lock\" > /dev/null\nif [ $? != 0 ] ; then\n    # print error to STDERR\n    echo \"error: The sandbox is not in sync with the Podfile.lock. Run 'pod install' or update your CocoaPods installation.\" >&2\n    exit 1\nfi\n# This output is used by Xcode 'outputs' to avoid re-running this script phase.\necho \"SUCCESS\" > \"${SCRIPT_OUTPUT_FILE_0}\"\n";
			showEnvVarsInLog = 0;
		};
		B1F134FFCCB99D155DF33A8A /* [CP] Copy Pods Resources */ = {
			isa = PBXShellScriptBuildPhase;
			buildActionMask = 2147483647;
			files = (
			);
			inputPaths = (
				"${PODS_ROOT}/Target Support Files/Pods-Balizinha_Example/Pods-Balizinha_Example-resources.sh",
				"${PODS_ROOT}/GoogleMaps/Maps/Frameworks/GoogleMaps.framework/Resources/GoogleMaps.bundle",
			);
			name = "[CP] Copy Pods Resources";
			outputPaths = (
				"${TARGET_BUILD_DIR}/${UNLOCALIZED_RESOURCES_FOLDER_PATH}/GoogleMaps.bundle",
			);
			runOnlyForDeploymentPostprocessing = 0;
			shellPath = /bin/sh;
			shellScript = "\"${PODS_ROOT}/Target Support Files/Pods-Balizinha_Example/Pods-Balizinha_Example-resources.sh\"\n";
			showEnvVarsInLog = 0;
		};
		BBB969EC8BE3CEABF50AB3D2 /* [CP] Embed Pods Frameworks */ = {
			isa = PBXShellScriptBuildPhase;
			buildActionMask = 2147483647;
			files = (
			);
			inputPaths = (
				"${PODS_ROOT}/Target Support Files/Pods-Balizinha_Example/Pods-Balizinha_Example-frameworks.sh",
				"${BUILT_PRODUCTS_DIR}/FirebaseABTesting/FirebaseABTesting.framework",
				"${BUILT_PRODUCTS_DIR}/FirebaseAuth/FirebaseAuth.framework",
				"${BUILT_PRODUCTS_DIR}/FirebaseCore/FirebaseCore.framework",
				"${BUILT_PRODUCTS_DIR}/FirebaseCoreDiagnostics/FirebaseCoreDiagnostics.framework",
				"${BUILT_PRODUCTS_DIR}/FirebaseDatabase/FirebaseDatabase.framework",
				"${BUILT_PRODUCTS_DIR}/FirebaseInstallations/FirebaseInstallations.framework",
				"${BUILT_PRODUCTS_DIR}/FirebaseRemoteConfig/FirebaseRemoteConfig.framework",
				"${BUILT_PRODUCTS_DIR}/FirebaseStorage/FirebaseStorage.framework",
				"${BUILT_PRODUCTS_DIR}/GTMSessionFetcher/GTMSessionFetcher.framework",
				"${BUILT_PRODUCTS_DIR}/GoogleDataTransport/GoogleDataTransport.framework",
				"${BUILT_PRODUCTS_DIR}/GoogleUtilities/GoogleUtilities.framework",
				"${BUILT_PRODUCTS_DIR}/PromisesObjC/FBLPromises.framework",
				"${BUILT_PRODUCTS_DIR}/RACameraHelper/RACameraHelper.framework",
				"${BUILT_PRODUCTS_DIR}/RxCocoa/RxCocoa.framework",
				"${BUILT_PRODUCTS_DIR}/RxOptional/RxOptional.framework",
				"${BUILT_PRODUCTS_DIR}/RxRelay/RxRelay.framework",
				"${BUILT_PRODUCTS_DIR}/RxSwift/RxSwift.framework",
				"${BUILT_PRODUCTS_DIR}/Stripe/Stripe.framework",
				"${BUILT_PRODUCTS_DIR}/leveldb-library/leveldb.framework",
				"${BUILT_PRODUCTS_DIR}/nanopb/nanopb.framework",
			);
			name = "[CP] Embed Pods Frameworks";
			outputPaths = (
				"${TARGET_BUILD_DIR}/${FRAMEWORKS_FOLDER_PATH}/FirebaseABTesting.framework",
				"${TARGET_BUILD_DIR}/${FRAMEWORKS_FOLDER_PATH}/FirebaseAuth.framework",
				"${TARGET_BUILD_DIR}/${FRAMEWORKS_FOLDER_PATH}/FirebaseCore.framework",
				"${TARGET_BUILD_DIR}/${FRAMEWORKS_FOLDER_PATH}/FirebaseCoreDiagnostics.framework",
				"${TARGET_BUILD_DIR}/${FRAMEWORKS_FOLDER_PATH}/FirebaseDatabase.framework",
				"${TARGET_BUILD_DIR}/${FRAMEWORKS_FOLDER_PATH}/FirebaseInstallations.framework",
				"${TARGET_BUILD_DIR}/${FRAMEWORKS_FOLDER_PATH}/FirebaseRemoteConfig.framework",
				"${TARGET_BUILD_DIR}/${FRAMEWORKS_FOLDER_PATH}/FirebaseStorage.framework",
				"${TARGET_BUILD_DIR}/${FRAMEWORKS_FOLDER_PATH}/GTMSessionFetcher.framework",
				"${TARGET_BUILD_DIR}/${FRAMEWORKS_FOLDER_PATH}/GoogleDataTransport.framework",
				"${TARGET_BUILD_DIR}/${FRAMEWORKS_FOLDER_PATH}/GoogleUtilities.framework",
				"${TARGET_BUILD_DIR}/${FRAMEWORKS_FOLDER_PATH}/FBLPromises.framework",
				"${TARGET_BUILD_DIR}/${FRAMEWORKS_FOLDER_PATH}/RACameraHelper.framework",
				"${TARGET_BUILD_DIR}/${FRAMEWORKS_FOLDER_PATH}/RxCocoa.framework",
				"${TARGET_BUILD_DIR}/${FRAMEWORKS_FOLDER_PATH}/RxOptional.framework",
				"${TARGET_BUILD_DIR}/${FRAMEWORKS_FOLDER_PATH}/RxRelay.framework",
				"${TARGET_BUILD_DIR}/${FRAMEWORKS_FOLDER_PATH}/RxSwift.framework",
				"${TARGET_BUILD_DIR}/${FRAMEWORKS_FOLDER_PATH}/Stripe.framework",
				"${TARGET_BUILD_DIR}/${FRAMEWORKS_FOLDER_PATH}/leveldb.framework",
				"${TARGET_BUILD_DIR}/${FRAMEWORKS_FOLDER_PATH}/nanopb.framework",
			);
			runOnlyForDeploymentPostprocessing = 0;
			shellPath = /bin/sh;
			shellScript = "\"${PODS_ROOT}/Target Support Files/Pods-Balizinha_Example/Pods-Balizinha_Example-frameworks.sh\"\n";
			showEnvVarsInLog = 0;
		};
/* End PBXShellScriptBuildPhase section */

/* Begin PBXSourcesBuildPhase section */
		607FACCC1AFB9204008FA782 /* Sources */ = {
			isa = PBXSourcesBuildPhase;
			buildActionMask = 2147483647;
			files = (
				8EC16901228526320066634B /* HeatMapViewController.swift in Sources */,
				C64E187D2129DB630042DB68 /* PlayersScrollView.swift in Sources */,
				8E995879211E8B5400101F50 /* PaymentSubmitViewController.swift in Sources */,
				8E01580E22852DBC0072921C /* GMUPoint.m in Sources */,
				8E97406521132A7100242907 /* FirebaseModelIcon.swift in Sources */,
				8EF1934C2290660F00BF7691 /* FeedbackViewModel.swift in Sources */,
				8E01580922852DBC0072921C /* GMUPolygon.m in Sources */,
				8E01580D22852DBC0072921C /* GMUStyle.m in Sources */,
				8E01581A22852DBC0072921C /* GMUWeightedLatLng.m in Sources */,
				8E01581C22852DBC0072921C /* GMUHeatmapTileLayer.m in Sources */,
				8E8D62D82149CF7F0043C204 /* UtilsViewController.swift in Sources */,
				8E97407C21132A7100242907 /* LeagueCell.swift in Sources */,
				C6993A922129EE560052B69D /* EventPlayersViewController.swift in Sources */,
				8E5AD7F021612D9E00A78539 /* FeedItemsListViewController.swift in Sources */,
				8EC168F7228516CF0066634B /* PlayerViewController.swift in Sources */,
				8E97407021132A7100242907 /* PlayersListViewController.swift in Sources */,
				8EC168F3228452660066634B /* CitiesListViewController.swift in Sources */,
				8ED5818F22FF50BF00F0436C /* PinpointViewController.swift in Sources */,
				8E97407A21132A7100242907 /* OrganizerCell.swift in Sources */,
				8E01580622852DBC0072921C /* GMUGeometryRenderer.m in Sources */,
				8E01581E228531370072921C /* GMUClusterManager.m in Sources */,
				8EBB4AF6211F561400B5B907 /* ActivityIndicatorOverlay.swift in Sources */,
				8E97407321132A7100242907 /* AppDelegate.swift in Sources */,
				8E01581922852DBC0072921C /* GMUStaticCluster.m in Sources */,
				8E97406B21132A7100242907 /* MenuViewController.swift in Sources */,
				C6502BDA21252747004A3EED /* EventsListViewController.swift in Sources */,
				8E97407821132A7100242907 /* PaymentCell.swift in Sources */,
				8EA99E13215342C6001BC643 /* FeedbackListViewController.swift in Sources */,
				8EA970CB228E4C910038E313 /* VenuesListViewController.swift in Sources */,
				8E97406A21132A7100242907 /* OrganizerListViewController.swift in Sources */,
				8EC2A62C240EEDB300D99E9F /* VenueDetailsViewController.swift in Sources */,
				C6E11AB821FCAD7C00EE3126 /* StripeMenuViewController.swift in Sources */,
				8E01581522852DBC0072921C /* GMUSimpleClusterAlgorithm.m in Sources */,
				8E01581322852DBC0072921C /* GMUGridBasedClusterAlgorithm.m in Sources */,
				8ED5819222FF51E100F0436C /* LocationService.swift in Sources */,
				8E01580522852DBC0072921C /* GMUKMLParser.m in Sources */,
				8E97407721132A7100242907 /* LeaguePlayerCell.swift in Sources */,
				8E01580822852DBC0072921C /* GMUPlacemark.m in Sources */,
				8E97406421132A7100242907 /* PaymentHeaderView.swift in Sources */,
				8E01580C22852DBC0072921C /* GMUGroundOverlay.m in Sources */,
				8E97406221132A7100242907 /* LeagueEditViewController.swift in Sources */,
				8E974085211478CB00242907 /* RAImageView.swift in Sources */,
				8E97406021132A7100242907 /* ActionListViewController.swift in Sources */,
				8E01580F22852DBC0072921C /* GMUPair.m in Sources */,
				8E97406121132A7100242907 /* Constants.swift in Sources */,
				8E01581422852DBC0072921C /* GMUWrappingDictionaryKey.m in Sources */,
				8E97407421132A7100242907 /* LeaguePlayersListViewController.swift in Sources */,
				8EF1934A228FA0EE00BF7691 /* CityCell.swift in Sources */,
				8ED5819022FF50BF00F0436C /* PlaceSearchViewController.swift in Sources */,
				C6502BE42126F4A7004A3EED /* EventCell.swift in Sources */,
				8E01580722852DBC0072921C /* GMUGeometryCollection.m in Sources */,
				8EA99E15215342E4001BC643 /* FeedbackCell.swift in Sources */,
				8E01580322852DBC0072921C /* GQTPointQuadTree.m in Sources */,
				8E87FEE7220BD92800F83CC9 /* TeamPlayerCell.swift in Sources */,
				8E97406621132A7100242907 /* PlayerIcon.swift in Sources */,
				8E5AD7F4216158FF00A78539 /* FeedItemCell.swift in Sources */,
				8E97406821132A7100242907 /* ListViewController.swift in Sources */,
				8E01581122852DBC0072921C /* GMUGeoJSONParser.m in Sources */,
				8E01581722852DBC0072921C /* GMUDefaultClusterRenderer.m in Sources */,
				8E01580422852DBC0072921C /* GQTPointQuadTreeChild.m in Sources */,
				8E01581022852DBC0072921C /* GMULineString.m in Sources */,
				8E97407921132A7100242907 /* ActionCell.swift in Sources */,
				8ED5818E22FF50BF00F0436C /* PlaceResultsViewController.swift in Sources */,
				8E97407621132A7100242907 /* PaymentsListViewController.swift in Sources */,
				8E01581622852DBC0072921C /* GMUNonHierarchicalDistanceBasedAlgorithm.m in Sources */,
				8E01581822852DBC0072921C /* GMUDefaultClusterIconGenerator.m in Sources */,
				C6BC1CDC2126FE1E00A500FD /* SearchableListViewController.swift in Sources */,
				8E01580B22852DBC0072921C /* GMUFeature.m in Sources */,
				8E01580A22852DBC0072921C /* GMUStyleMap.m in Sources */,
				8E87FEE5220BD3E100F83CC9 /* TeamsViewController.swift in Sources */,
				8E97406921132A7100242907 /* LeagueListViewController.swift in Sources */,
				8E01581B22852DBC0072921C /* GMUGradient.m in Sources */,
			);
			runOnlyForDeploymentPostprocessing = 0;
		};
		607FACE11AFB9204008FA782 /* Sources */ = {
			isa = PBXSourcesBuildPhase;
			buildActionMask = 2147483647;
			files = (
				8EE18E352405E35C009DEF69 /* EventServiceTests.swift in Sources */,
				8E09573A21ABB0800037DA17 /* MockAuthProvider.swift in Sources */,
				8EA3B68B237E3A180048FEB5 /* CityTests.swift in Sources */,
				8E09573221ABA4950037DA17 /* MockDefaultsProvider.swift in Sources */,
				8EA7EB9522FB9AF1006F1A3B /* EventTests.swift in Sources */,
				8E97A801240A6590004E1ECA /* CityHelperTests.swift in Sources */,
				607FACEC1AFB9204008FA782 /* Tests.swift in Sources */,
				8E09572C21ABA1000037DA17 /* LoginStateTests.swift in Sources */,
				E7C2C4C5230D9CFA00C4D0E6 /* DateUtilsTests.swift in Sources */,
			);
			runOnlyForDeploymentPostprocessing = 0;
		};
/* End PBXSourcesBuildPhase section */

/* Begin PBXTargetDependency section */
		607FACE71AFB9204008FA782 /* PBXTargetDependency */ = {
			isa = PBXTargetDependency;
			target = 607FACCF1AFB9204008FA782 /* Balizinha_Example */;
			targetProxy = 607FACE61AFB9204008FA782 /* PBXContainerItemProxy */;
		};
/* End PBXTargetDependency section */

/* Begin PBXVariantGroup section */
		8E97404E21132A6400242907 /* Main.storyboard */ = {
			isa = PBXVariantGroup;
			children = (
				8E97404F21132A6400242907 /* Base */,
			);
			name = Main.storyboard;
			sourceTree = "<group>";
		};
/* End PBXVariantGroup section */

/* Begin XCBuildConfiguration section */
		607FACED1AFB9204008FA782 /* Debug */ = {
			isa = XCBuildConfiguration;
			buildSettings = {
				ALWAYS_SEARCH_USER_PATHS = NO;
				CLANG_CXX_LANGUAGE_STANDARD = "gnu++0x";
				CLANG_CXX_LIBRARY = "libc++";
				CLANG_ENABLE_MODULES = YES;
				CLANG_ENABLE_OBJC_ARC = YES;
				CLANG_WARN_BLOCK_CAPTURE_AUTORELEASING = YES;
				CLANG_WARN_BOOL_CONVERSION = YES;
				CLANG_WARN_COMMA = YES;
				CLANG_WARN_CONSTANT_CONVERSION = YES;
				CLANG_WARN_DEPRECATED_OBJC_IMPLEMENTATIONS = YES;
				CLANG_WARN_DIRECT_OBJC_ISA_USAGE = YES_ERROR;
				CLANG_WARN_EMPTY_BODY = YES;
				CLANG_WARN_ENUM_CONVERSION = YES;
				CLANG_WARN_INFINITE_RECURSION = YES;
				CLANG_WARN_INT_CONVERSION = YES;
				CLANG_WARN_NON_LITERAL_NULL_CONVERSION = YES;
				CLANG_WARN_OBJC_IMPLICIT_RETAIN_SELF = YES;
				CLANG_WARN_OBJC_LITERAL_CONVERSION = YES;
				CLANG_WARN_OBJC_ROOT_CLASS = YES_ERROR;
				CLANG_WARN_RANGE_LOOP_ANALYSIS = YES;
				CLANG_WARN_STRICT_PROTOTYPES = YES;
				CLANG_WARN_SUSPICIOUS_MOVE = YES;
				CLANG_WARN_UNREACHABLE_CODE = YES;
				CLANG_WARN__DUPLICATE_METHOD_MATCH = YES;
				"CODE_SIGN_IDENTITY[sdk=iphoneos*]" = "iPhone Developer";
				COPY_PHASE_STRIP = NO;
				DEBUG_INFORMATION_FORMAT = "dwarf-with-dsym";
				ENABLE_STRICT_OBJC_MSGSEND = YES;
				ENABLE_TESTABILITY = YES;
				"EXCLUDED_ARCHS[sdk=iphonesimulator*]" = arm64;
				GCC_C_LANGUAGE_STANDARD = gnu99;
				GCC_DYNAMIC_NO_PIC = NO;
				GCC_NO_COMMON_BLOCKS = YES;
				GCC_OPTIMIZATION_LEVEL = 0;
				GCC_PREPROCESSOR_DEFINITIONS = (
					"DEBUG=1",
					"$(inherited)",
				);
				GCC_SYMBOLS_PRIVATE_EXTERN = NO;
				GCC_WARN_64_TO_32_BIT_CONVERSION = YES;
				GCC_WARN_ABOUT_RETURN_TYPE = YES_ERROR;
				GCC_WARN_UNDECLARED_SELECTOR = YES;
				GCC_WARN_UNINITIALIZED_AUTOS = YES_AGGRESSIVE;
				GCC_WARN_UNUSED_FUNCTION = YES;
				GCC_WARN_UNUSED_VARIABLE = YES;
				IPHONEOS_DEPLOYMENT_TARGET = 10.0;
				MTL_ENABLE_DEBUG_INFO = YES;
				ONLY_ACTIVE_ARCH = YES;
				SDKROOT = iphoneos;
				SWIFT_OPTIMIZATION_LEVEL = "-Onone";
			};
			name = Debug;
		};
		607FACEE1AFB9204008FA782 /* Release */ = {
			isa = XCBuildConfiguration;
			buildSettings = {
				ALWAYS_SEARCH_USER_PATHS = NO;
				CLANG_CXX_LANGUAGE_STANDARD = "gnu++0x";
				CLANG_CXX_LIBRARY = "libc++";
				CLANG_ENABLE_MODULES = YES;
				CLANG_ENABLE_OBJC_ARC = YES;
				CLANG_WARN_BLOCK_CAPTURE_AUTORELEASING = YES;
				CLANG_WARN_BOOL_CONVERSION = YES;
				CLANG_WARN_COMMA = YES;
				CLANG_WARN_CONSTANT_CONVERSION = YES;
				CLANG_WARN_DEPRECATED_OBJC_IMPLEMENTATIONS = YES;
				CLANG_WARN_DIRECT_OBJC_ISA_USAGE = YES_ERROR;
				CLANG_WARN_EMPTY_BODY = YES;
				CLANG_WARN_ENUM_CONVERSION = YES;
				CLANG_WARN_INFINITE_RECURSION = YES;
				CLANG_WARN_INT_CONVERSION = YES;
				CLANG_WARN_NON_LITERAL_NULL_CONVERSION = YES;
				CLANG_WARN_OBJC_IMPLICIT_RETAIN_SELF = YES;
				CLANG_WARN_OBJC_LITERAL_CONVERSION = YES;
				CLANG_WARN_OBJC_ROOT_CLASS = YES_ERROR;
				CLANG_WARN_RANGE_LOOP_ANALYSIS = YES;
				CLANG_WARN_STRICT_PROTOTYPES = YES;
				CLANG_WARN_SUSPICIOUS_MOVE = YES;
				CLANG_WARN_UNREACHABLE_CODE = YES;
				CLANG_WARN__DUPLICATE_METHOD_MATCH = YES;
				"CODE_SIGN_IDENTITY[sdk=iphoneos*]" = "iPhone Developer";
				COPY_PHASE_STRIP = NO;
				DEBUG_INFORMATION_FORMAT = "dwarf-with-dsym";
				ENABLE_NS_ASSERTIONS = NO;
				ENABLE_STRICT_OBJC_MSGSEND = YES;
				"EXCLUDED_ARCHS[sdk=iphonesimulator*]" = arm64;
				GCC_C_LANGUAGE_STANDARD = gnu99;
				GCC_NO_COMMON_BLOCKS = YES;
				GCC_WARN_64_TO_32_BIT_CONVERSION = YES;
				GCC_WARN_ABOUT_RETURN_TYPE = YES_ERROR;
				GCC_WARN_UNDECLARED_SELECTOR = YES;
				GCC_WARN_UNINITIALIZED_AUTOS = YES_AGGRESSIVE;
				GCC_WARN_UNUSED_FUNCTION = YES;
				GCC_WARN_UNUSED_VARIABLE = YES;
				IPHONEOS_DEPLOYMENT_TARGET = 10.0;
				MTL_ENABLE_DEBUG_INFO = NO;
				SDKROOT = iphoneos;
				SWIFT_OPTIMIZATION_LEVEL = "-Owholemodule";
				VALIDATE_PRODUCT = YES;
			};
			name = Release;
		};
		607FACF01AFB9204008FA782 /* Debug */ = {
			isa = XCBuildConfiguration;
			baseConfigurationReference = 12F36942ECE5C791F76145B1 /* Pods-Balizinha_Example.debug.xcconfig */;
			buildSettings = {
				ASSETCATALOG_COMPILER_APPICON_NAME = AppIcon;
				CLANG_ENABLE_MODULES = YES;
				CODE_SIGN_IDENTITY = "iPhone Developer";
				CODE_SIGN_STYLE = Automatic;
				CURRENT_PROJECT_VERSION = 48;
				DEFINES_MODULE = NO;
				DEVELOPMENT_TEAM = H799H8B8DD;
				"EXCLUDED_ARCHS[sdk=iphonesimulator*]" = arm64;
				INFOPLIST_FILE = Balizinha/Info.plist;
				IPHONEOS_DEPLOYMENT_TARGET = 10;
				LD_RUNPATH_SEARCH_PATHS = "$(inherited) @executable_path/Frameworks";
				MARKETING_VERSION = 1.1.1;
				MODULE_NAME = ExampleApp;
				PRODUCT_BUNDLE_IDENTIFIER = io.renderapps.balizinha.admin;
				PRODUCT_NAME = Admin;
				PROVISIONING_PROFILE_SPECIFIER = "";
				SWIFT_OBJC_BRIDGING_HEADER = "Balizinha/Bridging-Header.h";
				SWIFT_OPTIMIZATION_LEVEL = "-Onone";
				SWIFT_VERSION = 5.0;
				VALIDATE_WORKSPACE = YES_ERROR;
			};
			name = Debug;
		};
		607FACF11AFB9204008FA782 /* Release */ = {
			isa = XCBuildConfiguration;
			baseConfigurationReference = FD4F6317CA270849E7E57832 /* Pods-Balizinha_Example.release.xcconfig */;
			buildSettings = {
				ASSETCATALOG_COMPILER_APPICON_NAME = AppIcon;
				CLANG_ENABLE_MODULES = YES;
				CODE_SIGN_IDENTITY = "iPhone Developer";
				CODE_SIGN_STYLE = Automatic;
				CURRENT_PROJECT_VERSION = 48;
				DEFINES_MODULE = NO;
				DEVELOPMENT_TEAM = H799H8B8DD;
				"EXCLUDED_ARCHS[sdk=iphonesimulator*]" = arm64;
				INFOPLIST_FILE = Balizinha/Info.plist;
				IPHONEOS_DEPLOYMENT_TARGET = 10;
				LD_RUNPATH_SEARCH_PATHS = "$(inherited) @executable_path/Frameworks";
				MARKETING_VERSION = 1.1.1;
				MODULE_NAME = ExampleApp;
				PRODUCT_BUNDLE_IDENTIFIER = io.renderapps.balizinha.admin;
				PRODUCT_NAME = Admin;
				PROVISIONING_PROFILE_SPECIFIER = "";
				SWIFT_OBJC_BRIDGING_HEADER = "Balizinha/Bridging-Header.h";
				SWIFT_VERSION = 5.0;
				VALIDATE_WORKSPACE = YES_ERROR;
			};
			name = Release;
		};
		607FACF31AFB9204008FA782 /* Debug */ = {
			isa = XCBuildConfiguration;
			baseConfigurationReference = CD0B4B52D8F4EC108A0EA635 /* Pods-Balizinha_Tests.debug.xcconfig */;
			buildSettings = {
				ALWAYS_EMBED_SWIFT_STANDARD_LIBRARIES = YES;
				CODE_SIGN_IDENTITY = "iPhone Developer";
				CODE_SIGN_STYLE = Automatic;
				DEVELOPMENT_TEAM = H799H8B8DD;
				FRAMEWORK_SEARCH_PATHS = (
					"$(SDKROOT)/Developer/Library/Frameworks",
					"$(inherited)",
				);
				GCC_PREPROCESSOR_DEFINITIONS = (
					"DEBUG=1",
					"$(inherited)",
				);
				INFOPLIST_FILE = Tests/Info.plist;
				LD_RUNPATH_SEARCH_PATHS = "$(inherited) @executable_path/Frameworks @loader_path/Frameworks";
				PRODUCT_BUNDLE_IDENTIFIER = "org.cocoapods.$(PRODUCT_NAME:rfc1034identifier)";
				PRODUCT_NAME = "$(TARGET_NAME)";
				PROVISIONING_PROFILE_SPECIFIER = "";
				SWIFT_VERSION = 5.0;
				TEST_HOST = "$(BUILT_PRODUCTS_DIR)/Admin.app/Admin";
			};
			name = Debug;
		};
		607FACF41AFB9204008FA782 /* Release */ = {
			isa = XCBuildConfiguration;
			baseConfigurationReference = 077C3A280AC11B6DD9AB842F /* Pods-Balizinha_Tests.release.xcconfig */;
			buildSettings = {
				ALWAYS_EMBED_SWIFT_STANDARD_LIBRARIES = YES;
				CODE_SIGN_IDENTITY = "iPhone Developer";
				CODE_SIGN_STYLE = Automatic;
				DEVELOPMENT_TEAM = H799H8B8DD;
				FRAMEWORK_SEARCH_PATHS = (
					"$(SDKROOT)/Developer/Library/Frameworks",
					"$(inherited)",
				);
				INFOPLIST_FILE = Tests/Info.plist;
				LD_RUNPATH_SEARCH_PATHS = "$(inherited) @executable_path/Frameworks @loader_path/Frameworks";
				PRODUCT_BUNDLE_IDENTIFIER = "org.cocoapods.$(PRODUCT_NAME:rfc1034identifier)";
				PRODUCT_NAME = "$(TARGET_NAME)";
				PROVISIONING_PROFILE_SPECIFIER = "";
				SWIFT_VERSION = 5.0;
				TEST_HOST = "$(BUILT_PRODUCTS_DIR)/Admin.app/Admin";
			};
			name = Release;
		};
/* End XCBuildConfiguration section */

/* Begin XCConfigurationList section */
		607FACCB1AFB9204008FA782 /* Build configuration list for PBXProject "Balizinha" */ = {
			isa = XCConfigurationList;
			buildConfigurations = (
				607FACED1AFB9204008FA782 /* Debug */,
				607FACEE1AFB9204008FA782 /* Release */,
			);
			defaultConfigurationIsVisible = 0;
			defaultConfigurationName = Release;
		};
		607FACEF1AFB9204008FA782 /* Build configuration list for PBXNativeTarget "Balizinha_Example" */ = {
			isa = XCConfigurationList;
			buildConfigurations = (
				607FACF01AFB9204008FA782 /* Debug */,
				607FACF11AFB9204008FA782 /* Release */,
			);
			defaultConfigurationIsVisible = 0;
			defaultConfigurationName = Release;
		};
		607FACF21AFB9204008FA782 /* Build configuration list for PBXNativeTarget "Balizinha_Tests" */ = {
			isa = XCConfigurationList;
			buildConfigurations = (
				607FACF31AFB9204008FA782 /* Debug */,
				607FACF41AFB9204008FA782 /* Release */,
			);
			defaultConfigurationIsVisible = 0;
			defaultConfigurationName = Release;
		};
/* End XCConfigurationList section */
	};
	rootObject = 607FACC81AFB9204008FA782 /* Project object */;
}
